// !$*UTF8*$!
{
	archiveVersion = 1;
	classes = {
	};
	objectVersion = 56;
	objects = {

/* Begin PBXBuildFile section */
		4E6EAB2AAAC4B6CC27E114E8 /* Pods_AviaTickets.framework in Frameworks */ = {isa = PBXBuildFile; fileRef = 7BE45921ED154A2A9D7FBE80 /* Pods_AviaTickets.framework */; };
		D3331AC62C111F2E0011E283 /* TicketsListViewModuleFactory.swift in Sources */ = {isa = PBXBuildFile; fileRef = D3331AC52C111F2E0011E283 /* TicketsListViewModuleFactory.swift */; };
		D3331AC82C111FAF0011E283 /* TicketsListViewCoordinatorProtocol.swift in Sources */ = {isa = PBXBuildFile; fileRef = D3331AC72C111FAF0011E283 /* TicketsListViewCoordinatorProtocol.swift */; };
		D3331ACA2C111FF10011E283 /* TicketsListViewCoordinator.swift in Sources */ = {isa = PBXBuildFile; fileRef = D3331AC92C111FF10011E283 /* TicketsListViewCoordinator.swift */; };
		D3331ACC2C1126480011E283 /* TicketsListViewModelProtocol.swift in Sources */ = {isa = PBXBuildFile; fileRef = D3331ACB2C1126480011E283 /* TicketsListViewModelProtocol.swift */; };
		D3331ACE2C1126F20011E283 /* TicketsListViewModel.swift in Sources */ = {isa = PBXBuildFile; fileRef = D3331ACD2C1126F20011E283 /* TicketsListViewModel.swift */; };
		D3331AD02C1128AF0011E283 /* TicketsListNavigationView.swift in Sources */ = {isa = PBXBuildFile; fileRef = D3331ACF2C1128AF0011E283 /* TicketsListNavigationView.swift */; };
		D3331AD22C1137AF0011E283 /* Ticket.swift in Sources */ = {isa = PBXBuildFile; fileRef = D3331AD12C1137AF0011E283 /* Ticket.swift */; };
		D3331AD42C113A510011E283 /* Price.swift in Sources */ = {isa = PBXBuildFile; fileRef = D3331AD32C113A510011E283 /* Price.swift */; };
		D3331AD62C113A600011E283 /* Arrival.swift in Sources */ = {isa = PBXBuildFile; fileRef = D3331AD52C113A600011E283 /* Arrival.swift */; };
		D3331AD82C113A760011E283 /* Luggage.swift in Sources */ = {isa = PBXBuildFile; fileRef = D3331AD72C113A760011E283 /* Luggage.swift */; };
		D3331ADA2C113A870011E283 /* HandLuggage.swift in Sources */ = {isa = PBXBuildFile; fileRef = D3331AD92C113A870011E283 /* HandLuggage.swift */; };
		D3331ADC2C113AB00011E283 /* TicketsListNetworkResponse.swift in Sources */ = {isa = PBXBuildFile; fileRef = D3331ADB2C113AB00011E283 /* TicketsListNetworkResponse.swift */; };
		D3331ADE2C113ED30011E283 /* TicketsListState.swift in Sources */ = {isa = PBXBuildFile; fileRef = D3331ADD2C113ED30011E283 /* TicketsListState.swift */; };
		D3331AE02C1148950011E283 /* TicketsListBottomButtonView.swift in Sources */ = {isa = PBXBuildFile; fileRef = D3331ADF2C1148950011E283 /* TicketsListBottomButtonView.swift */; };
		D3699AB82C10A0F4007338DF /* SelectedCountryViewModelState.swift in Sources */ = {isa = PBXBuildFile; fileRef = D3699AB72C10A0F4007338DF /* SelectedCountryViewModelState.swift */; };
		D3699ABA2C10A19C007338DF /* TicketOffer.swift in Sources */ = {isa = PBXBuildFile; fileRef = D3699AB92C10A19C007338DF /* TicketOffer.swift */; };
		D3699ABC2C10A23C007338DF /* SelectedCountryNetworkResponse.swift in Sources */ = {isa = PBXBuildFile; fileRef = D3699ABB2C10A23C007338DF /* SelectedCountryNetworkResponse.swift */; };
		D3699AC02C10A85B007338DF /* TicketOffersCellOutput.swift in Sources */ = {isa = PBXBuildFile; fileRef = D3699ABF2C10A85B007338DF /* TicketOffersCellOutput.swift */; };
		D3699AC22C10D29E007338DF /* CallendarView.swift in Sources */ = {isa = PBXBuildFile; fileRef = D3699AC12C10D29E007338DF /* CallendarView.swift */; };
		D3699AC42C1108C5007338DF /* SelectedCountryItemType.swift in Sources */ = {isa = PBXBuildFile; fileRef = D3699AC32C1108C5007338DF /* SelectedCountryItemType.swift */; };
		D36C79792C1109540050B542 /* SelectedCountryItemData.swift in Sources */ = {isa = PBXBuildFile; fileRef = D36C79782C1109540050B542 /* SelectedCountryItemData.swift */; };
		D36C79832C111CBD0050B542 /* TicketsListViewController.swift in Sources */ = {isa = PBXBuildFile; fileRef = D36C79822C111CBD0050B542 /* TicketsListViewController.swift */; };
		D373D8862C0B3B5F00B498EB /* R.generated.swift in Sources */ = {isa = PBXBuildFile; fileRef = D373D8852C0B3B5F00B498EB /* R.generated.swift */; };
		D373D8882C0B3C9A00B498EB /* gitignore in Resources */ = {isa = PBXBuildFile; fileRef = D373D8872C0B3C9A00B498EB /* gitignore */; };
		D373D8942C0B484D00B498EB /* MainViewBuilder.swift in Sources */ = {isa = PBXBuildFile; fileRef = D373D8932C0B484D00B498EB /* MainViewBuilder.swift */; };
		D373D8972C0B486300B498EB /* CoordinatorProtocols.swift in Sources */ = {isa = PBXBuildFile; fileRef = D373D8962C0B486300B498EB /* CoordinatorProtocols.swift */; };
		D373D8992C0B496300B498EB /* MainViewCoordinator.swift in Sources */ = {isa = PBXBuildFile; fileRef = D373D8982C0B496300B498EB /* MainViewCoordinator.swift */; };
		D373D89B2C0B49AD00B498EB /* ModuleFactoryProtocol.swift in Sources */ = {isa = PBXBuildFile; fileRef = D373D89A2C0B49AD00B498EB /* ModuleFactoryProtocol.swift */; };
		D373D89D2C0B599C00B498EB /* PlaceHolderViewController.swift in Sources */ = {isa = PBXBuildFile; fileRef = D373D89C2C0B599C00B498EB /* PlaceHolderViewController.swift */; };
		D373D8A02C0B5C9500B498EB /* String + Extensions.swift in Sources */ = {isa = PBXBuildFile; fileRef = D373D89F2C0B5C9500B498EB /* String + Extensions.swift */; };
		D373D8A22C0B6CF000B498EB /* MainViewModuleFactoryProtocol.swift in Sources */ = {isa = PBXBuildFile; fileRef = D373D8A12C0B6CF000B498EB /* MainViewModuleFactoryProtocol.swift */; };
		D373D8AE2C0B7DCB00B498EB /* AirTicketsViewController.swift in Sources */ = {isa = PBXBuildFile; fileRef = D373D8AD2C0B7DCB00B498EB /* AirTicketsViewController.swift */; };
		D373D8B02C0B7E7B00B498EB /* AirTicketsViewCoordinator.swift in Sources */ = {isa = PBXBuildFile; fileRef = D373D8AF2C0B7E7B00B498EB /* AirTicketsViewCoordinator.swift */; };
		D373D8B82C0B81BF00B498EB /* Fonts.swift in Sources */ = {isa = PBXBuildFile; fileRef = D373D8B72C0B81BF00B498EB /* Fonts.swift */; };
		D373D8B92C0B824A00B498EB /* SF-Pro-Display-Medium.otf in Resources */ = {isa = PBXBuildFile; fileRef = D373D8B62C0B818100B498EB /* SF-Pro-Display-Medium.otf */; };
		D373D8BA2C0B824D00B498EB /* SF-Pro-Display-Regular.otf in Resources */ = {isa = PBXBuildFile; fileRef = D373D8B42C0B818100B498EB /* SF-Pro-Display-Regular.otf */; };
		D373D8BB2C0B824F00B498EB /* SF-Pro-Display-Semibold.otf in Resources */ = {isa = PBXBuildFile; fileRef = D373D8B52C0B818100B498EB /* SF-Pro-Display-Semibold.otf */; };
		D373D8BD2C0CAF8000B498EB /* InputFieldView.swift in Sources */ = {isa = PBXBuildFile; fileRef = D373D8BC2C0CAF8000B498EB /* InputFieldView.swift */; };
		D373D8BF2C0CCC6300B498EB /* AirTicketsHeader.swift in Sources */ = {isa = PBXBuildFile; fileRef = D373D8BE2C0CCC6300B498EB /* AirTicketsHeader.swift */; };
		D373D8C12C0CEAAE00B498EB /* AirTicketsSectionHeader.swift in Sources */ = {isa = PBXBuildFile; fileRef = D373D8C02C0CEAAE00B498EB /* AirTicketsSectionHeader.swift */; };
		D373D8C32C0CED2200B498EB /* AirTicketsMusicSectionCell.swift in Sources */ = {isa = PBXBuildFile; fileRef = D373D8C22C0CED2200B498EB /* AirTicketsMusicSectionCell.swift */; };
		D373D8C52C0CF5B100B498EB /* AirTicketsMusicCell.swift in Sources */ = {isa = PBXBuildFile; fileRef = D373D8C42C0CF5B100B498EB /* AirTicketsMusicCell.swift */; };
		D373D8C72C0D012000B498EB /* AirTicketsViewModel.swift in Sources */ = {isa = PBXBuildFile; fileRef = D373D8C62C0D012000B498EB /* AirTicketsViewModel.swift */; };
		D373D8CA2C0D306300B498EB /* NetworkManagerProtocol.swift in Sources */ = {isa = PBXBuildFile; fileRef = D373D8C92C0D306300B498EB /* NetworkManagerProtocol.swift */; };
		D373D8CE2C0D30E800B498EB /* NetworkManager.swift in Sources */ = {isa = PBXBuildFile; fileRef = D373D8CD2C0D30E800B498EB /* NetworkManager.swift */; };
		D373D8D02C0D373900B498EB /* Offer.swift in Sources */ = {isa = PBXBuildFile; fileRef = D373D8CF2C0D373900B498EB /* Offer.swift */; };
		D373D8D22C0D3C0100B498EB /* AirTicketsMusicSectionViewModel.swift in Sources */ = {isa = PBXBuildFile; fileRef = D373D8D12C0D3C0100B498EB /* AirTicketsMusicSectionViewModel.swift */; };
		D373D8D42C0D3CD300B498EB /* AirTicketsNetworkResponse.swift in Sources */ = {isa = PBXBuildFile; fileRef = D373D8D32C0D3CD300B498EB /* AirTicketsNetworkResponse.swift */; };
		D373D8D62C0D40C200B498EB /* AirTicketsMusicOffersOutput.swift in Sources */ = {isa = PBXBuildFile; fileRef = D373D8D52C0D40C200B498EB /* AirTicketsMusicOffersOutput.swift */; };
		D373D8D82C0DC69B00B498EB /* UITextField + Extensions.swift in Sources */ = {isa = PBXBuildFile; fileRef = D373D8D72C0DC69B00B498EB /* UITextField + Extensions.swift */; };
		D373D8DE2C0DFD4F00B498EB /* AirTicketsViewModelProtocol.swift in Sources */ = {isa = PBXBuildFile; fileRef = D373D8DD2C0DFD4F00B498EB /* AirTicketsViewModelProtocol.swift */; };
		D373D8E02C0DFE1F00B498EB /* AirTicketsViewModelState.swift in Sources */ = {isa = PBXBuildFile; fileRef = D373D8DF2C0DFE1F00B498EB /* AirTicketsViewModelState.swift */; };
		D373D8E22C0E01ED00B498EB /* AirTicketsMusicSectionViewModelProtocol.swift in Sources */ = {isa = PBXBuildFile; fileRef = D373D8E12C0E01ED00B498EB /* AirTicketsMusicSectionViewModelProtocol.swift */; };
		D373D8E42C0E0DA000B498EB /* AirTicketsViewFactory.swift in Sources */ = {isa = PBXBuildFile; fileRef = D373D8E32C0E0DA000B498EB /* AirTicketsViewFactory.swift */; };
		D373D8E62C0E0F2500B498EB /* AirTicketsViewCoordinatorProtocol.swift in Sources */ = {isa = PBXBuildFile; fileRef = D373D8E52C0E0F2500B498EB /* AirTicketsViewCoordinatorProtocol.swift */; };
		D373D8EF2C0E3B6600B498EB /* SearchTicketsViewCoordinator.swift in Sources */ = {isa = PBXBuildFile; fileRef = D373D8EE2C0E3B6600B498EB /* SearchTicketsViewCoordinator.swift */; };
		D373D8F12C0E3B7200B498EB /* SearchTicketsViewCoordinatorProtocol.swift in Sources */ = {isa = PBXBuildFile; fileRef = D373D8F02C0E3B7200B498EB /* SearchTicketsViewCoordinatorProtocol.swift */; };
		D373D8F32C0E3D2F00B498EB /* SearchTicketsViewModuleFactory.swift in Sources */ = {isa = PBXBuildFile; fileRef = D373D8F22C0E3D2F00B498EB /* SearchTicketsViewModuleFactory.swift */; };
		D373D8F52C0E3DEB00B498EB /* SearchTicketsViewController.swift in Sources */ = {isa = PBXBuildFile; fileRef = D373D8F42C0E3DEB00B498EB /* SearchTicketsViewController.swift */; };
		D373D8F72C0E3FAD00B498EB /* SearchInputView.swift in Sources */ = {isa = PBXBuildFile; fileRef = D373D8F62C0E3FAD00B498EB /* SearchInputView.swift */; };
		D373D8F92C0E464200B498EB /* SearchTextField.swift in Sources */ = {isa = PBXBuildFile; fileRef = D373D8F82C0E464200B498EB /* SearchTextField.swift */; };
		D373D8FB2C0E70F900B498EB /* SearchViewButtonList.swift in Sources */ = {isa = PBXBuildFile; fileRef = D373D8FA2C0E70F900B498EB /* SearchViewButtonList.swift */; };
		D373D8FD2C0E8F8500B498EB /* SearchViewButton.swift in Sources */ = {isa = PBXBuildFile; fileRef = D373D8FC2C0E8F8500B498EB /* SearchViewButton.swift */; };
		D373D8FF2C0E8FB200B498EB /* SearchViewButtonType.swift in Sources */ = {isa = PBXBuildFile; fileRef = D373D8FE2C0E8FB200B498EB /* SearchViewButtonType.swift */; };
		D373D9012C0E96D200B498EB /* SearchViewCityCell.swift in Sources */ = {isa = PBXBuildFile; fileRef = D373D9002C0E96D200B498EB /* SearchViewCityCell.swift */; };
		D3BF5F4E2C0EDACD00E7263B /* SearchTicketsViewModelProtocol.swift in Sources */ = {isa = PBXBuildFile; fileRef = D3BF5F4D2C0EDACD00E7263B /* SearchTicketsViewModelProtocol.swift */; };
		D3BF5F502C0EDB4C00E7263B /* SearchTicketsViewModel.swift in Sources */ = {isa = PBXBuildFile; fileRef = D3BF5F4F2C0EDB4C00E7263B /* SearchTicketsViewModel.swift */; };
		D3BF5F522C0EDC3F00E7263B /* City.swift in Sources */ = {isa = PBXBuildFile; fileRef = D3BF5F512C0EDC3F00E7263B /* City.swift */; };
		D3BF5F542C0EF77900E7263B /* SearchPlaceholderViewController.swift in Sources */ = {isa = PBXBuildFile; fileRef = D3BF5F532C0EF77900E7263B /* SearchPlaceholderViewController.swift */; };
		D3BF5F562C0EFAB800E7263B /* SearchPlaceholderViewModel.swift in Sources */ = {isa = PBXBuildFile; fileRef = D3BF5F552C0EFAB800E7263B /* SearchPlaceholderViewModel.swift */; };
		D3BF5F582C0EFAC700E7263B /* SearchPlaceholderViewModelProtocol.swift in Sources */ = {isa = PBXBuildFile; fileRef = D3BF5F572C0EFAC700E7263B /* SearchPlaceholderViewModelProtocol.swift */; };
		D3BF5F5A2C0EFB4F00E7263B /* SearchPlaceholderViewCoordinator.swift in Sources */ = {isa = PBXBuildFile; fileRef = D3BF5F592C0EFB4F00E7263B /* SearchPlaceholderViewCoordinator.swift */; };
		D3BF5F5C2C0EFCCA00E7263B /* SearchPlaceholderViewCoordinatorProtocol.swift in Sources */ = {isa = PBXBuildFile; fileRef = D3BF5F5B2C0EFCCA00E7263B /* SearchPlaceholderViewCoordinatorProtocol.swift */; };
		D3BF5F652C0F917F00E7263B /* SelectedCountryViewCoordinatorPorotocol.swift in Sources */ = {isa = PBXBuildFile; fileRef = D3BF5F642C0F917F00E7263B /* SelectedCountryViewCoordinatorPorotocol.swift */; };
		D3BF5F672C0F919500E7263B /* SelectedCountryViewCoordinator.swift in Sources */ = {isa = PBXBuildFile; fileRef = D3BF5F662C0F919500E7263B /* SelectedCountryViewCoordinator.swift */; };
		D3BF5F692C0F92A300E7263B /* SelectedCountryViewModuleFactory.swift in Sources */ = {isa = PBXBuildFile; fileRef = D3BF5F682C0F92A300E7263B /* SelectedCountryViewModuleFactory.swift */; };
		D3BF5F6B2C0F935E00E7263B /* SelectedCountryViewController.swift in Sources */ = {isa = PBXBuildFile; fileRef = D3BF5F6A2C0F935E00E7263B /* SelectedCountryViewController.swift */; };
		D3BF5F6D2C0F942600E7263B /* SelectedCountryViewModelProtocol.swift in Sources */ = {isa = PBXBuildFile; fileRef = D3BF5F6C2C0F942600E7263B /* SelectedCountryViewModelProtocol.swift */; };
		D3BF5F6F2C0F944300E7263B /* SelectedCountryViewModel.swift in Sources */ = {isa = PBXBuildFile; fileRef = D3BF5F6E2C0F944300E7263B /* SelectedCountryViewModel.swift */; };
		D3BF5F712C0F980400E7263B /* SelectedContrySearchView.swift in Sources */ = {isa = PBXBuildFile; fileRef = D3BF5F702C0F980400E7263B /* SelectedContrySearchView.swift */; };
		D3BF5F732C0FBC6400E7263B /* SelectedCountryItem.swift in Sources */ = {isa = PBXBuildFile; fileRef = D3BF5F722C0FBC6400E7263B /* SelectedCountryItem.swift */; };
		D3BF5F752C104ED600E7263B /* SelectedCountrySubscribeView.swift in Sources */ = {isa = PBXBuildFile; fileRef = D3BF5F742C104ED600E7263B /* SelectedCountrySubscribeView.swift */; };
		D3BF5F792C1070C400E7263B /* TicketOfferListView.swift in Sources */ = {isa = PBXBuildFile; fileRef = D3BF5F782C1070C400E7263B /* TicketOfferListView.swift */; };
		D3BF5F7D2C107F6A00E7263B /* TicketOfferListCell.swift in Sources */ = {isa = PBXBuildFile; fileRef = D3BF5F7C2C107F6A00E7263B /* TicketOfferListCell.swift */; };
		D3F6EA6D2C0B377D002883C5 /* AppDelegate.swift in Sources */ = {isa = PBXBuildFile; fileRef = D3F6EA6C2C0B377D002883C5 /* AppDelegate.swift */; };
		D3F6EA6F2C0B377D002883C5 /* SceneDelegate.swift in Sources */ = {isa = PBXBuildFile; fileRef = D3F6EA6E2C0B377D002883C5 /* SceneDelegate.swift */; };
		D3F6EA712C0B377D002883C5 /* MainViewController.swift in Sources */ = {isa = PBXBuildFile; fileRef = D3F6EA702C0B377D002883C5 /* MainViewController.swift */; };
		D3F6EA762C0B377E002883C5 /* Assets.xcassets in Resources */ = {isa = PBXBuildFile; fileRef = D3F6EA752C0B377E002883C5 /* Assets.xcassets */; };
		D3F6EA792C0B377E002883C5 /* Base in Resources */ = {isa = PBXBuildFile; fileRef = D3F6EA782C0B377E002883C5 /* Base */; };
/* End PBXBuildFile section */

/* Begin PBXFileReference section */
		0C1282BA9296770813830036 /* Pods-AviaTickets.debug.xcconfig */ = {isa = PBXFileReference; includeInIndex = 1; lastKnownFileType = text.xcconfig; name = "Pods-AviaTickets.debug.xcconfig"; path = "Target Support Files/Pods-AviaTickets/Pods-AviaTickets.debug.xcconfig"; sourceTree = "<group>"; };
		7BE45921ED154A2A9D7FBE80 /* Pods_AviaTickets.framework */ = {isa = PBXFileReference; explicitFileType = wrapper.framework; includeInIndex = 0; path = Pods_AviaTickets.framework; sourceTree = BUILT_PRODUCTS_DIR; };
		9B779EEBDF74346FA9FCFA67 /* Pods-AviaTickets.release.xcconfig */ = {isa = PBXFileReference; includeInIndex = 1; lastKnownFileType = text.xcconfig; name = "Pods-AviaTickets.release.xcconfig"; path = "Target Support Files/Pods-AviaTickets/Pods-AviaTickets.release.xcconfig"; sourceTree = "<group>"; };
		D3331AC52C111F2E0011E283 /* TicketsListViewModuleFactory.swift */ = {isa = PBXFileReference; lastKnownFileType = sourcecode.swift; path = TicketsListViewModuleFactory.swift; sourceTree = "<group>"; };
		D3331AC72C111FAF0011E283 /* TicketsListViewCoordinatorProtocol.swift */ = {isa = PBXFileReference; lastKnownFileType = sourcecode.swift; path = TicketsListViewCoordinatorProtocol.swift; sourceTree = "<group>"; };
		D3331AC92C111FF10011E283 /* TicketsListViewCoordinator.swift */ = {isa = PBXFileReference; lastKnownFileType = sourcecode.swift; path = TicketsListViewCoordinator.swift; sourceTree = "<group>"; };
		D3331ACB2C1126480011E283 /* TicketsListViewModelProtocol.swift */ = {isa = PBXFileReference; lastKnownFileType = sourcecode.swift; path = TicketsListViewModelProtocol.swift; sourceTree = "<group>"; };
		D3331ACD2C1126F20011E283 /* TicketsListViewModel.swift */ = {isa = PBXFileReference; lastKnownFileType = sourcecode.swift; path = TicketsListViewModel.swift; sourceTree = "<group>"; };
		D3331ACF2C1128AF0011E283 /* TicketsListNavigationView.swift */ = {isa = PBXFileReference; lastKnownFileType = sourcecode.swift; path = TicketsListNavigationView.swift; sourceTree = "<group>"; };
		D3331AD12C1137AF0011E283 /* Ticket.swift */ = {isa = PBXFileReference; lastKnownFileType = sourcecode.swift; path = Ticket.swift; sourceTree = "<group>"; };
		D3331AD32C113A510011E283 /* Price.swift */ = {isa = PBXFileReference; lastKnownFileType = sourcecode.swift; path = Price.swift; sourceTree = "<group>"; };
		D3331AD52C113A600011E283 /* Arrival.swift */ = {isa = PBXFileReference; lastKnownFileType = sourcecode.swift; path = Arrival.swift; sourceTree = "<group>"; };
		D3331AD72C113A760011E283 /* Luggage.swift */ = {isa = PBXFileReference; lastKnownFileType = sourcecode.swift; path = Luggage.swift; sourceTree = "<group>"; };
		D3331AD92C113A870011E283 /* HandLuggage.swift */ = {isa = PBXFileReference; lastKnownFileType = sourcecode.swift; path = HandLuggage.swift; sourceTree = "<group>"; };
		D3331ADB2C113AB00011E283 /* TicketsListNetworkResponse.swift */ = {isa = PBXFileReference; lastKnownFileType = sourcecode.swift; path = TicketsListNetworkResponse.swift; sourceTree = "<group>"; };
		D3331ADD2C113ED30011E283 /* TicketsListState.swift */ = {isa = PBXFileReference; lastKnownFileType = sourcecode.swift; path = TicketsListState.swift; sourceTree = "<group>"; };
		D3331ADF2C1148950011E283 /* TicketsListBottomButtonView.swift */ = {isa = PBXFileReference; lastKnownFileType = sourcecode.swift; path = TicketsListBottomButtonView.swift; sourceTree = "<group>"; };
		D3699AB72C10A0F4007338DF /* SelectedCountryViewModelState.swift */ = {isa = PBXFileReference; lastKnownFileType = sourcecode.swift; path = SelectedCountryViewModelState.swift; sourceTree = "<group>"; };
		D3699AB92C10A19C007338DF /* TicketOffer.swift */ = {isa = PBXFileReference; lastKnownFileType = sourcecode.swift; path = TicketOffer.swift; sourceTree = "<group>"; };
		D3699ABB2C10A23C007338DF /* SelectedCountryNetworkResponse.swift */ = {isa = PBXFileReference; lastKnownFileType = sourcecode.swift; path = SelectedCountryNetworkResponse.swift; sourceTree = "<group>"; };
		D3699ABF2C10A85B007338DF /* TicketOffersCellOutput.swift */ = {isa = PBXFileReference; lastKnownFileType = sourcecode.swift; path = TicketOffersCellOutput.swift; sourceTree = "<group>"; };
		D3699AC12C10D29E007338DF /* CallendarView.swift */ = {isa = PBXFileReference; lastKnownFileType = sourcecode.swift; path = CallendarView.swift; sourceTree = "<group>"; };
		D3699AC32C1108C5007338DF /* SelectedCountryItemType.swift */ = {isa = PBXFileReference; lastKnownFileType = sourcecode.swift; path = SelectedCountryItemType.swift; sourceTree = "<group>"; };
		D36C79782C1109540050B542 /* SelectedCountryItemData.swift */ = {isa = PBXFileReference; lastKnownFileType = sourcecode.swift; path = SelectedCountryItemData.swift; sourceTree = "<group>"; };
		D36C79822C111CBD0050B542 /* TicketsListViewController.swift */ = {isa = PBXFileReference; lastKnownFileType = sourcecode.swift; path = TicketsListViewController.swift; sourceTree = "<group>"; };
		D373D8852C0B3B5F00B498EB /* R.generated.swift */ = {isa = PBXFileReference; fileEncoding = 4; lastKnownFileType = sourcecode.swift; path = R.generated.swift; sourceTree = SOURCE_ROOT; };
		D373D8872C0B3C9A00B498EB /* gitignore */ = {isa = PBXFileReference; fileEncoding = 4; lastKnownFileType = text; path = gitignore; sourceTree = "<group>"; };
		D373D8932C0B484D00B498EB /* MainViewBuilder.swift */ = {isa = PBXFileReference; lastKnownFileType = sourcecode.swift; path = MainViewBuilder.swift; sourceTree = "<group>"; };
		D373D8962C0B486300B498EB /* CoordinatorProtocols.swift */ = {isa = PBXFileReference; lastKnownFileType = sourcecode.swift; path = CoordinatorProtocols.swift; sourceTree = "<group>"; };
		D373D8982C0B496300B498EB /* MainViewCoordinator.swift */ = {isa = PBXFileReference; lastKnownFileType = sourcecode.swift; path = MainViewCoordinator.swift; sourceTree = "<group>"; };
		D373D89A2C0B49AD00B498EB /* ModuleFactoryProtocol.swift */ = {isa = PBXFileReference; lastKnownFileType = sourcecode.swift; path = ModuleFactoryProtocol.swift; sourceTree = "<group>"; };
		D373D89C2C0B599C00B498EB /* PlaceHolderViewController.swift */ = {isa = PBXFileReference; lastKnownFileType = sourcecode.swift; path = PlaceHolderViewController.swift; sourceTree = "<group>"; };
		D373D89F2C0B5C9500B498EB /* String + Extensions.swift */ = {isa = PBXFileReference; lastKnownFileType = sourcecode.swift; path = "String + Extensions.swift"; sourceTree = "<group>"; };
		D373D8A12C0B6CF000B498EB /* MainViewModuleFactoryProtocol.swift */ = {isa = PBXFileReference; lastKnownFileType = sourcecode.swift; path = MainViewModuleFactoryProtocol.swift; sourceTree = "<group>"; };
		D373D8AD2C0B7DCB00B498EB /* AirTicketsViewController.swift */ = {isa = PBXFileReference; lastKnownFileType = sourcecode.swift; path = AirTicketsViewController.swift; sourceTree = "<group>"; };
		D373D8AF2C0B7E7B00B498EB /* AirTicketsViewCoordinator.swift */ = {isa = PBXFileReference; lastKnownFileType = sourcecode.swift; path = AirTicketsViewCoordinator.swift; sourceTree = "<group>"; };
		D373D8B42C0B818100B498EB /* SF-Pro-Display-Regular.otf */ = {isa = PBXFileReference; lastKnownFileType = file; path = "SF-Pro-Display-Regular.otf"; sourceTree = "<group>"; };
		D373D8B52C0B818100B498EB /* SF-Pro-Display-Semibold.otf */ = {isa = PBXFileReference; lastKnownFileType = file; path = "SF-Pro-Display-Semibold.otf"; sourceTree = "<group>"; };
		D373D8B62C0B818100B498EB /* SF-Pro-Display-Medium.otf */ = {isa = PBXFileReference; lastKnownFileType = file; path = "SF-Pro-Display-Medium.otf"; sourceTree = "<group>"; };
		D373D8B72C0B81BF00B498EB /* Fonts.swift */ = {isa = PBXFileReference; lastKnownFileType = sourcecode.swift; path = Fonts.swift; sourceTree = "<group>"; };
		D373D8BC2C0CAF8000B498EB /* InputFieldView.swift */ = {isa = PBXFileReference; lastKnownFileType = sourcecode.swift; path = InputFieldView.swift; sourceTree = "<group>"; };
		D373D8BE2C0CCC6300B498EB /* AirTicketsHeader.swift */ = {isa = PBXFileReference; lastKnownFileType = sourcecode.swift; path = AirTicketsHeader.swift; sourceTree = "<group>"; };
		D373D8C02C0CEAAE00B498EB /* AirTicketsSectionHeader.swift */ = {isa = PBXFileReference; lastKnownFileType = sourcecode.swift; path = AirTicketsSectionHeader.swift; sourceTree = "<group>"; };
		D373D8C22C0CED2200B498EB /* AirTicketsMusicSectionCell.swift */ = {isa = PBXFileReference; lastKnownFileType = sourcecode.swift; path = AirTicketsMusicSectionCell.swift; sourceTree = "<group>"; };
		D373D8C42C0CF5B100B498EB /* AirTicketsMusicCell.swift */ = {isa = PBXFileReference; lastKnownFileType = sourcecode.swift; path = AirTicketsMusicCell.swift; sourceTree = "<group>"; };
		D373D8C62C0D012000B498EB /* AirTicketsViewModel.swift */ = {isa = PBXFileReference; lastKnownFileType = sourcecode.swift; path = AirTicketsViewModel.swift; sourceTree = "<group>"; };
		D373D8C92C0D306300B498EB /* NetworkManagerProtocol.swift */ = {isa = PBXFileReference; lastKnownFileType = sourcecode.swift; path = NetworkManagerProtocol.swift; sourceTree = "<group>"; };
		D373D8CD2C0D30E800B498EB /* NetworkManager.swift */ = {isa = PBXFileReference; lastKnownFileType = sourcecode.swift; path = NetworkManager.swift; sourceTree = "<group>"; };
		D373D8CF2C0D373900B498EB /* Offer.swift */ = {isa = PBXFileReference; lastKnownFileType = sourcecode.swift; path = Offer.swift; sourceTree = "<group>"; };
		D373D8D12C0D3C0100B498EB /* AirTicketsMusicSectionViewModel.swift */ = {isa = PBXFileReference; lastKnownFileType = sourcecode.swift; path = AirTicketsMusicSectionViewModel.swift; sourceTree = "<group>"; };
		D373D8D32C0D3CD300B498EB /* AirTicketsNetworkResponse.swift */ = {isa = PBXFileReference; lastKnownFileType = sourcecode.swift; path = AirTicketsNetworkResponse.swift; sourceTree = "<group>"; };
		D373D8D52C0D40C200B498EB /* AirTicketsMusicOffersOutput.swift */ = {isa = PBXFileReference; lastKnownFileType = sourcecode.swift; path = AirTicketsMusicOffersOutput.swift; sourceTree = "<group>"; };
		D373D8D72C0DC69B00B498EB /* UITextField + Extensions.swift */ = {isa = PBXFileReference; lastKnownFileType = sourcecode.swift; path = "UITextField + Extensions.swift"; sourceTree = "<group>"; };
		D373D8DD2C0DFD4F00B498EB /* AirTicketsViewModelProtocol.swift */ = {isa = PBXFileReference; lastKnownFileType = sourcecode.swift; path = AirTicketsViewModelProtocol.swift; sourceTree = "<group>"; };
		D373D8DF2C0DFE1F00B498EB /* AirTicketsViewModelState.swift */ = {isa = PBXFileReference; lastKnownFileType = sourcecode.swift; path = AirTicketsViewModelState.swift; sourceTree = "<group>"; };
		D373D8E12C0E01ED00B498EB /* AirTicketsMusicSectionViewModelProtocol.swift */ = {isa = PBXFileReference; lastKnownFileType = sourcecode.swift; path = AirTicketsMusicSectionViewModelProtocol.swift; sourceTree = "<group>"; };
		D373D8E32C0E0DA000B498EB /* AirTicketsViewFactory.swift */ = {isa = PBXFileReference; lastKnownFileType = sourcecode.swift; path = AirTicketsViewFactory.swift; sourceTree = "<group>"; };
		D373D8E52C0E0F2500B498EB /* AirTicketsViewCoordinatorProtocol.swift */ = {isa = PBXFileReference; lastKnownFileType = sourcecode.swift; path = AirTicketsViewCoordinatorProtocol.swift; sourceTree = "<group>"; };
		D373D8EE2C0E3B6600B498EB /* SearchTicketsViewCoordinator.swift */ = {isa = PBXFileReference; lastKnownFileType = sourcecode.swift; path = SearchTicketsViewCoordinator.swift; sourceTree = "<group>"; };
		D373D8F02C0E3B7200B498EB /* SearchTicketsViewCoordinatorProtocol.swift */ = {isa = PBXFileReference; lastKnownFileType = sourcecode.swift; path = SearchTicketsViewCoordinatorProtocol.swift; sourceTree = "<group>"; };
		D373D8F22C0E3D2F00B498EB /* SearchTicketsViewModuleFactory.swift */ = {isa = PBXFileReference; lastKnownFileType = sourcecode.swift; path = SearchTicketsViewModuleFactory.swift; sourceTree = "<group>"; };
		D373D8F42C0E3DEB00B498EB /* SearchTicketsViewController.swift */ = {isa = PBXFileReference; lastKnownFileType = sourcecode.swift; path = SearchTicketsViewController.swift; sourceTree = "<group>"; };
		D373D8F62C0E3FAD00B498EB /* SearchInputView.swift */ = {isa = PBXFileReference; lastKnownFileType = sourcecode.swift; path = SearchInputView.swift; sourceTree = "<group>"; };
		D373D8F82C0E464200B498EB /* SearchTextField.swift */ = {isa = PBXFileReference; lastKnownFileType = sourcecode.swift; path = SearchTextField.swift; sourceTree = "<group>"; };
		D373D8FA2C0E70F900B498EB /* SearchViewButtonList.swift */ = {isa = PBXFileReference; lastKnownFileType = sourcecode.swift; path = SearchViewButtonList.swift; sourceTree = "<group>"; };
		D373D8FC2C0E8F8500B498EB /* SearchViewButton.swift */ = {isa = PBXFileReference; lastKnownFileType = sourcecode.swift; path = SearchViewButton.swift; sourceTree = "<group>"; };
		D373D8FE2C0E8FB200B498EB /* SearchViewButtonType.swift */ = {isa = PBXFileReference; lastKnownFileType = sourcecode.swift; path = SearchViewButtonType.swift; sourceTree = "<group>"; };
		D373D9002C0E96D200B498EB /* SearchViewCityCell.swift */ = {isa = PBXFileReference; lastKnownFileType = sourcecode.swift; path = SearchViewCityCell.swift; sourceTree = "<group>"; };
		D3BF5F4D2C0EDACD00E7263B /* SearchTicketsViewModelProtocol.swift */ = {isa = PBXFileReference; lastKnownFileType = sourcecode.swift; path = SearchTicketsViewModelProtocol.swift; sourceTree = "<group>"; };
		D3BF5F4F2C0EDB4C00E7263B /* SearchTicketsViewModel.swift */ = {isa = PBXFileReference; lastKnownFileType = sourcecode.swift; path = SearchTicketsViewModel.swift; sourceTree = "<group>"; };
		D3BF5F512C0EDC3F00E7263B /* City.swift */ = {isa = PBXFileReference; lastKnownFileType = sourcecode.swift; path = City.swift; sourceTree = "<group>"; };
		D3BF5F532C0EF77900E7263B /* SearchPlaceholderViewController.swift */ = {isa = PBXFileReference; lastKnownFileType = sourcecode.swift; path = SearchPlaceholderViewController.swift; sourceTree = "<group>"; };
		D3BF5F552C0EFAB800E7263B /* SearchPlaceholderViewModel.swift */ = {isa = PBXFileReference; lastKnownFileType = sourcecode.swift; path = SearchPlaceholderViewModel.swift; sourceTree = "<group>"; };
		D3BF5F572C0EFAC700E7263B /* SearchPlaceholderViewModelProtocol.swift */ = {isa = PBXFileReference; lastKnownFileType = sourcecode.swift; path = SearchPlaceholderViewModelProtocol.swift; sourceTree = "<group>"; };
		D3BF5F592C0EFB4F00E7263B /* SearchPlaceholderViewCoordinator.swift */ = {isa = PBXFileReference; lastKnownFileType = sourcecode.swift; path = SearchPlaceholderViewCoordinator.swift; sourceTree = "<group>"; };
		D3BF5F5B2C0EFCCA00E7263B /* SearchPlaceholderViewCoordinatorProtocol.swift */ = {isa = PBXFileReference; lastKnownFileType = sourcecode.swift; path = SearchPlaceholderViewCoordinatorProtocol.swift; sourceTree = "<group>"; };
		D3BF5F642C0F917F00E7263B /* SelectedCountryViewCoordinatorPorotocol.swift */ = {isa = PBXFileReference; lastKnownFileType = sourcecode.swift; path = SelectedCountryViewCoordinatorPorotocol.swift; sourceTree = "<group>"; };
		D3BF5F662C0F919500E7263B /* SelectedCountryViewCoordinator.swift */ = {isa = PBXFileReference; lastKnownFileType = sourcecode.swift; path = SelectedCountryViewCoordinator.swift; sourceTree = "<group>"; };
		D3BF5F682C0F92A300E7263B /* SelectedCountryViewModuleFactory.swift */ = {isa = PBXFileReference; lastKnownFileType = sourcecode.swift; path = SelectedCountryViewModuleFactory.swift; sourceTree = "<group>"; };
		D3BF5F6A2C0F935E00E7263B /* SelectedCountryViewController.swift */ = {isa = PBXFileReference; lastKnownFileType = sourcecode.swift; path = SelectedCountryViewController.swift; sourceTree = "<group>"; };
		D3BF5F6C2C0F942600E7263B /* SelectedCountryViewModelProtocol.swift */ = {isa = PBXFileReference; lastKnownFileType = sourcecode.swift; path = SelectedCountryViewModelProtocol.swift; sourceTree = "<group>"; };
		D3BF5F6E2C0F944300E7263B /* SelectedCountryViewModel.swift */ = {isa = PBXFileReference; lastKnownFileType = sourcecode.swift; path = SelectedCountryViewModel.swift; sourceTree = "<group>"; };
		D3BF5F702C0F980400E7263B /* SelectedContrySearchView.swift */ = {isa = PBXFileReference; lastKnownFileType = sourcecode.swift; path = SelectedContrySearchView.swift; sourceTree = "<group>"; };
		D3BF5F722C0FBC6400E7263B /* SelectedCountryItem.swift */ = {isa = PBXFileReference; lastKnownFileType = sourcecode.swift; path = SelectedCountryItem.swift; sourceTree = "<group>"; };
		D3BF5F742C104ED600E7263B /* SelectedCountrySubscribeView.swift */ = {isa = PBXFileReference; lastKnownFileType = sourcecode.swift; path = SelectedCountrySubscribeView.swift; sourceTree = "<group>"; };
		D3BF5F782C1070C400E7263B /* TicketOfferListView.swift */ = {isa = PBXFileReference; lastKnownFileType = sourcecode.swift; path = TicketOfferListView.swift; sourceTree = "<group>"; };
		D3BF5F7C2C107F6A00E7263B /* TicketOfferListCell.swift */ = {isa = PBXFileReference; lastKnownFileType = sourcecode.swift; path = TicketOfferListCell.swift; sourceTree = "<group>"; };
		D3F6EA692C0B377D002883C5 /* AviaTickets.app */ = {isa = PBXFileReference; explicitFileType = wrapper.application; includeInIndex = 0; path = AviaTickets.app; sourceTree = BUILT_PRODUCTS_DIR; };
		D3F6EA6C2C0B377D002883C5 /* AppDelegate.swift */ = {isa = PBXFileReference; lastKnownFileType = sourcecode.swift; path = AppDelegate.swift; sourceTree = "<group>"; };
		D3F6EA6E2C0B377D002883C5 /* SceneDelegate.swift */ = {isa = PBXFileReference; lastKnownFileType = sourcecode.swift; path = SceneDelegate.swift; sourceTree = "<group>"; };
		D3F6EA702C0B377D002883C5 /* MainViewController.swift */ = {isa = PBXFileReference; lastKnownFileType = sourcecode.swift; path = MainViewController.swift; sourceTree = "<group>"; };
		D3F6EA752C0B377E002883C5 /* Assets.xcassets */ = {isa = PBXFileReference; lastKnownFileType = folder.assetcatalog; path = Assets.xcassets; sourceTree = "<group>"; };
		D3F6EA782C0B377E002883C5 /* Base */ = {isa = PBXFileReference; lastKnownFileType = file.storyboard; name = Base; path = Base.lproj/LaunchScreen.storyboard; sourceTree = "<group>"; };
		D3F6EA7A2C0B377E002883C5 /* Info.plist */ = {isa = PBXFileReference; lastKnownFileType = text.plist.xml; path = Info.plist; sourceTree = "<group>"; };
/* End PBXFileReference section */

/* Begin PBXFrameworksBuildPhase section */
		D3F6EA662C0B377D002883C5 /* Frameworks */ = {
			isa = PBXFrameworksBuildPhase;
			buildActionMask = 2147483647;
			files = (
				4E6EAB2AAAC4B6CC27E114E8 /* Pods_AviaTickets.framework in Frameworks */,
			);
			runOnlyForDeploymentPostprocessing = 0;
		};
/* End PBXFrameworksBuildPhase section */

/* Begin PBXGroup section */
		03F435CE49A94FD9191342E7 /* Frameworks */ = {
			isa = PBXGroup;
			children = (
				7BE45921ED154A2A9D7FBE80 /* Pods_AviaTickets.framework */,
			);
			name = Frameworks;
			sourceTree = "<group>";
		};
		D36C797B2C111C780050B542 /* TicketsListView */ = {
			isa = PBXGroup;
			children = (
				D36C79802C111C9B0050B542 /* Views */,
				D36C797E2C111C910050B542 /* ViewModels */,
				D36C797C2C111C810050B542 /* Models */,
			);
			path = TicketsListView;
			sourceTree = "<group>";
		};
		D36C797C2C111C810050B542 /* Models */ = {
			isa = PBXGroup;
			children = (
				D36C797D2C111C860050B542 /* Protocols */,
				D3331AC52C111F2E0011E283 /* TicketsListViewModuleFactory.swift */,
				D3331AC92C111FF10011E283 /* TicketsListViewCoordinator.swift */,
				D3331AD12C1137AF0011E283 /* Ticket.swift */,
				D3331ADB2C113AB00011E283 /* TicketsListNetworkResponse.swift */,
				D3331AD92C113A870011E283 /* HandLuggage.swift */,
				D3331AD72C113A760011E283 /* Luggage.swift */,
				D3331AD52C113A600011E283 /* Arrival.swift */,
				D3331AD32C113A510011E283 /* Price.swift */,
				D3331ADD2C113ED30011E283 /* TicketsListState.swift */,
			);
			path = Models;
			sourceTree = "<group>";
		};
		D36C797D2C111C860050B542 /* Protocols */ = {
			isa = PBXGroup;
			children = (
				D3331AC72C111FAF0011E283 /* TicketsListViewCoordinatorProtocol.swift */,
			);
			path = Protocols;
			sourceTree = "<group>";
		};
		D36C797E2C111C910050B542 /* ViewModels */ = {
			isa = PBXGroup;
			children = (
				D36C797F2C111C960050B542 /* Protocols */,
				D3331ACD2C1126F20011E283 /* TicketsListViewModel.swift */,
			);
			path = ViewModels;
			sourceTree = "<group>";
		};
		D36C797F2C111C960050B542 /* Protocols */ = {
			isa = PBXGroup;
			children = (
				D3331ACB2C1126480011E283 /* TicketsListViewModelProtocol.swift */,
			);
			path = Protocols;
			sourceTree = "<group>";
		};
		D36C79802C111C9B0050B542 /* Views */ = {
			isa = PBXGroup;
			children = (
				D36C79812C111CA00050B542 /* UI elements */,
				D36C79822C111CBD0050B542 /* TicketsListViewController.swift */,
			);
			path = Views;
			sourceTree = "<group>";
		};
		D36C79812C111CA00050B542 /* UI elements */ = {
			isa = PBXGroup;
			children = (
				D3331ACF2C1128AF0011E283 /* TicketsListNavigationView.swift */,
				D3331ADF2C1148950011E283 /* TicketsListBottomButtonView.swift */,
			);
			path = "UI elements";
			sourceTree = "<group>";
		};
		D373D8812C0B3B3300B498EB /* Modules */ = {
			isa = PBXGroup;
			children = (
				D36C797B2C111C780050B542 /* TicketsListView */,
				D3BF5F5D2C0F20CB00E7263B /* SelectedCountryView */,
				D373D8E72C0E19C000B498EB /* SearchTicketsView */,
				D373D8A52C0B7D7C00B498EB /* AirTicketsView */,
				D373D88B2C0B474400B498EB /* MainView */,
			);
			path = Modules;
			sourceTree = "<group>";
		};
		D373D8822C0B3B3A00B498EB /* Core */ = {
			isa = PBXGroup;
			children = (
				D373D89E2C0B5C8400B498EB /* Extensions */,
				D373D8952C0B485700B498EB /* Protocols */,
				D373D8832C0B3B4200B498EB /* Models */,
				D373D8842C0B3B4800B498EB /* Resources */,
				D3F6EA6C2C0B377D002883C5 /* AppDelegate.swift */,
				D3F6EA6E2C0B377D002883C5 /* SceneDelegate.swift */,
			);
			path = Core;
			sourceTree = "<group>";
		};
		D373D8832C0B3B4200B498EB /* Models */ = {
			isa = PBXGroup;
			children = (
				D373D8C82C0D305600B498EB /* Protocols */,
				D373D8CD2C0D30E800B498EB /* NetworkManager.swift */,
			);
			path = Models;
			sourceTree = "<group>";
		};
		D373D8842C0B3B4800B498EB /* Resources */ = {
			isa = PBXGroup;
			children = (
				D373D8B32C0B80DE00B498EB /* Fonts */,
				D373D8852C0B3B5F00B498EB /* R.generated.swift */,
				D3F6EA752C0B377E002883C5 /* Assets.xcassets */,
				D3F6EA772C0B377E002883C5 /* LaunchScreen.storyboard */,
			);
			path = Resources;
			sourceTree = "<group>";
		};
		D373D88B2C0B474400B498EB /* MainView */ = {
			isa = PBXGroup;
			children = (
				D373D88C2C0B474900B498EB /* Views */,
				D373D88E2C0B475700B498EB /* Models */,
			);
			path = MainView;
			sourceTree = "<group>";
		};
		D373D88C2C0B474900B498EB /* Views */ = {
			isa = PBXGroup;
			children = (
				D3F6EA702C0B377D002883C5 /* MainViewController.swift */,
				D373D89C2C0B599C00B498EB /* PlaceHolderViewController.swift */,
			);
			path = Views;
			sourceTree = "<group>";
		};
		D373D88E2C0B475700B498EB /* Models */ = {
			isa = PBXGroup;
			children = (
				D373D8902C0B476600B498EB /* Protocols */,
				D373D8932C0B484D00B498EB /* MainViewBuilder.swift */,
				D373D8982C0B496300B498EB /* MainViewCoordinator.swift */,
			);
			path = Models;
			sourceTree = "<group>";
		};
		D373D8902C0B476600B498EB /* Protocols */ = {
			isa = PBXGroup;
			children = (
				D373D8A12C0B6CF000B498EB /* MainViewModuleFactoryProtocol.swift */,
			);
			path = Protocols;
			sourceTree = "<group>";
		};
		D373D8952C0B485700B498EB /* Protocols */ = {
			isa = PBXGroup;
			children = (
				D373D8962C0B486300B498EB /* CoordinatorProtocols.swift */,
				D373D89A2C0B49AD00B498EB /* ModuleFactoryProtocol.swift */,
			);
			path = Protocols;
			sourceTree = "<group>";
		};
		D373D89E2C0B5C8400B498EB /* Extensions */ = {
			isa = PBXGroup;
			children = (
				D373D89F2C0B5C9500B498EB /* String + Extensions.swift */,
				D373D8D72C0DC69B00B498EB /* UITextField + Extensions.swift */,
			);
			path = Extensions;
			sourceTree = "<group>";
		};
		D373D8A52C0B7D7C00B498EB /* AirTicketsView */ = {
			isa = PBXGroup;
			children = (
				D373D8AB2C0B7DA800B498EB /* Views */,
				D373D8A92C0B7D9C00B498EB /* ViewModels */,
				D373D8A62C0B7D8600B498EB /* Models */,
			);
			path = AirTicketsView;
			sourceTree = "<group>";
		};
		D373D8A62C0B7D8600B498EB /* Models */ = {
			isa = PBXGroup;
			children = (
				D373D8A72C0B7D8E00B498EB /* Protocols */,
				D373D8AF2C0B7E7B00B498EB /* AirTicketsViewCoordinator.swift */,
				D373D8CF2C0D373900B498EB /* Offer.swift */,
				D373D8D32C0D3CD300B498EB /* AirTicketsNetworkResponse.swift */,
				D373D8D52C0D40C200B498EB /* AirTicketsMusicOffersOutput.swift */,
				D373D8DF2C0DFE1F00B498EB /* AirTicketsViewModelState.swift */,
				D373D8E32C0E0DA000B498EB /* AirTicketsViewFactory.swift */,
			);
			path = Models;
			sourceTree = "<group>";
		};
		D373D8A72C0B7D8E00B498EB /* Protocols */ = {
			isa = PBXGroup;
			children = (
				D373D8E52C0E0F2500B498EB /* AirTicketsViewCoordinatorProtocol.swift */,
			);
			path = Protocols;
			sourceTree = "<group>";
		};
		D373D8A92C0B7D9C00B498EB /* ViewModels */ = {
			isa = PBXGroup;
			children = (
				D373D8AA2C0B7DA100B498EB /* Protocols */,
				D373D8C62C0D012000B498EB /* AirTicketsViewModel.swift */,
				D373D8D12C0D3C0100B498EB /* AirTicketsMusicSectionViewModel.swift */,
			);
			path = ViewModels;
			sourceTree = "<group>";
		};
		D373D8AA2C0B7DA100B498EB /* Protocols */ = {
			isa = PBXGroup;
			children = (
				D373D8DD2C0DFD4F00B498EB /* AirTicketsViewModelProtocol.swift */,
				D373D8E12C0E01ED00B498EB /* AirTicketsMusicSectionViewModelProtocol.swift */,
			);
			path = Protocols;
			sourceTree = "<group>";
		};
		D373D8AB2C0B7DA800B498EB /* Views */ = {
			isa = PBXGroup;
			children = (
				D373D8AC2C0B7DAE00B498EB /* UIElements */,
				D373D8AD2C0B7DCB00B498EB /* AirTicketsViewController.swift */,
			);
			path = Views;
			sourceTree = "<group>";
		};
		D373D8AC2C0B7DAE00B498EB /* UIElements */ = {
			isa = PBXGroup;
			children = (
				D373D8BC2C0CAF8000B498EB /* InputFieldView.swift */,
				D373D8BE2C0CCC6300B498EB /* AirTicketsHeader.swift */,
				D373D8C02C0CEAAE00B498EB /* AirTicketsSectionHeader.swift */,
				D373D8C22C0CED2200B498EB /* AirTicketsMusicSectionCell.swift */,
				D373D8C42C0CF5B100B498EB /* AirTicketsMusicCell.swift */,
			);
			path = UIElements;
			sourceTree = "<group>";
		};
		D373D8B32C0B80DE00B498EB /* Fonts */ = {
			isa = PBXGroup;
			children = (
				D373D8B62C0B818100B498EB /* SF-Pro-Display-Medium.otf */,
				D373D8B42C0B818100B498EB /* SF-Pro-Display-Regular.otf */,
				D373D8B52C0B818100B498EB /* SF-Pro-Display-Semibold.otf */,
				D373D8B72C0B81BF00B498EB /* Fonts.swift */,
			);
			path = Fonts;
			sourceTree = "<group>";
		};
		D373D8C82C0D305600B498EB /* Protocols */ = {
			isa = PBXGroup;
			children = (
				D373D8C92C0D306300B498EB /* NetworkManagerProtocol.swift */,
			);
			path = Protocols;
			sourceTree = "<group>";
		};
		D373D8E72C0E19C000B498EB /* SearchTicketsView */ = {
			isa = PBXGroup;
			children = (
				D373D8EC2C0E19DF00B498EB /* Views */,
				D373D8EA2C0E19D300B498EB /* ViewModels */,
				D373D8E82C0E19C900B498EB /* Models */,
			);
			path = SearchTicketsView;
			sourceTree = "<group>";
		};
		D373D8E82C0E19C900B498EB /* Models */ = {
			isa = PBXGroup;
			children = (
				D373D8E92C0E19CE00B498EB /* Protocols */,
				D373D8EE2C0E3B6600B498EB /* SearchTicketsViewCoordinator.swift */,
				D3BF5F592C0EFB4F00E7263B /* SearchPlaceholderViewCoordinator.swift */,
				D373D8F22C0E3D2F00B498EB /* SearchTicketsViewModuleFactory.swift */,
				D373D8FE2C0E8FB200B498EB /* SearchViewButtonType.swift */,
				D3BF5F512C0EDC3F00E7263B /* City.swift */,
			);
			path = Models;
			sourceTree = "<group>";
		};
		D373D8E92C0E19CE00B498EB /* Protocols */ = {
			isa = PBXGroup;
			children = (
				D373D8F02C0E3B7200B498EB /* SearchTicketsViewCoordinatorProtocol.swift */,
				D3BF5F5B2C0EFCCA00E7263B /* SearchPlaceholderViewCoordinatorProtocol.swift */,
			);
			path = Protocols;
			sourceTree = "<group>";
		};
		D373D8EA2C0E19D300B498EB /* ViewModels */ = {
			isa = PBXGroup;
			children = (
				D373D8EB2C0E19D900B498EB /* Protocols */,
				D3BF5F4F2C0EDB4C00E7263B /* SearchTicketsViewModel.swift */,
				D3BF5F552C0EFAB800E7263B /* SearchPlaceholderViewModel.swift */,
			);
			path = ViewModels;
			sourceTree = "<group>";
		};
		D373D8EB2C0E19D900B498EB /* Protocols */ = {
			isa = PBXGroup;
			children = (
				D3BF5F4D2C0EDACD00E7263B /* SearchTicketsViewModelProtocol.swift */,
				D3BF5F572C0EFAC700E7263B /* SearchPlaceholderViewModelProtocol.swift */,
			);
			path = Protocols;
			sourceTree = "<group>";
		};
		D373D8EC2C0E19DF00B498EB /* Views */ = {
			isa = PBXGroup;
			children = (
				D373D8ED2C0E19E300B498EB /* UIelements */,
				D373D8F42C0E3DEB00B498EB /* SearchTicketsViewController.swift */,
				D3BF5F532C0EF77900E7263B /* SearchPlaceholderViewController.swift */,
			);
			path = Views;
			sourceTree = "<group>";
		};
		D373D8ED2C0E19E300B498EB /* UIelements */ = {
			isa = PBXGroup;
			children = (
				D373D8F62C0E3FAD00B498EB /* SearchInputView.swift */,
				D373D8F82C0E464200B498EB /* SearchTextField.swift */,
				D373D8FA2C0E70F900B498EB /* SearchViewButtonList.swift */,
				D373D8FC2C0E8F8500B498EB /* SearchViewButton.swift */,
				D373D9002C0E96D200B498EB /* SearchViewCityCell.swift */,
			);
			path = UIelements;
			sourceTree = "<group>";
		};
		D3BF5F5D2C0F20CB00E7263B /* SelectedCountryView */ = {
			isa = PBXGroup;
			children = (
				D3BF5F622C0F20EF00E7263B /* Views */,
				D3BF5F602C0F20E200E7263B /* ViewModels */,
				D3BF5F5E2C0F20D800E7263B /* Models */,
			);
			path = SelectedCountryView;
			sourceTree = "<group>";
		};
		D3BF5F5E2C0F20D800E7263B /* Models */ = {
			isa = PBXGroup;
			children = (
				D3BF5F5F2C0F20DD00E7263B /* Protocols */,
				D3BF5F662C0F919500E7263B /* SelectedCountryViewCoordinator.swift */,
				D3BF5F682C0F92A300E7263B /* SelectedCountryViewModuleFactory.swift */,
				D3699AB72C10A0F4007338DF /* SelectedCountryViewModelState.swift */,
				D3699AB92C10A19C007338DF /* TicketOffer.swift */,
				D3699ABF2C10A85B007338DF /* TicketOffersCellOutput.swift */,
				D3699ABB2C10A23C007338DF /* SelectedCountryNetworkResponse.swift */,
				D3699AC32C1108C5007338DF /* SelectedCountryItemType.swift */,
				D36C79782C1109540050B542 /* SelectedCountryItemData.swift */,
			);
			path = Models;
			sourceTree = "<group>";
		};
		D3BF5F5F2C0F20DD00E7263B /* Protocols */ = {
			isa = PBXGroup;
			children = (
				D3BF5F642C0F917F00E7263B /* SelectedCountryViewCoordinatorPorotocol.swift */,
			);
			path = Protocols;
			sourceTree = "<group>";
		};
		D3BF5F602C0F20E200E7263B /* ViewModels */ = {
			isa = PBXGroup;
			children = (
				D3BF5F612C0F20E800E7263B /* Protocols */,
				D3BF5F6E2C0F944300E7263B /* SelectedCountryViewModel.swift */,
			);
			path = ViewModels;
			sourceTree = "<group>";
		};
		D3BF5F612C0F20E800E7263B /* Protocols */ = {
			isa = PBXGroup;
			children = (
				D3BF5F6C2C0F942600E7263B /* SelectedCountryViewModelProtocol.swift */,
			);
			path = Protocols;
			sourceTree = "<group>";
		};
		D3BF5F622C0F20EF00E7263B /* Views */ = {
			isa = PBXGroup;
			children = (
				D3BF5F632C0F20F300E7263B /* UI elements */,
				D3BF5F6A2C0F935E00E7263B /* SelectedCountryViewController.swift */,
			);
			path = Views;
			sourceTree = "<group>";
		};
		D3BF5F632C0F20F300E7263B /* UI elements */ = {
			isa = PBXGroup;
			children = (
				D3BF5F702C0F980400E7263B /* SelectedContrySearchView.swift */,
				D3BF5F722C0FBC6400E7263B /* SelectedCountryItem.swift */,
				D3BF5F742C104ED600E7263B /* SelectedCountrySubscribeView.swift */,
				D3BF5F782C1070C400E7263B /* TicketOfferListView.swift */,
				D3BF5F7C2C107F6A00E7263B /* TicketOfferListCell.swift */,
				D3699AC12C10D29E007338DF /* CallendarView.swift */,
			);
			path = "UI elements";
			sourceTree = "<group>";
		};
		D3F6EA602C0B377D002883C5 = {
			isa = PBXGroup;
			children = (
				D373D8872C0B3C9A00B498EB /* gitignore */,
				D3F6EA6B2C0B377D002883C5 /* AviaTickets */,
				D3F6EA6A2C0B377D002883C5 /* Products */,
				F67C626F1EBEFD9A79D0D5EE /* Pods */,
				03F435CE49A94FD9191342E7 /* Frameworks */,
			);
			sourceTree = "<group>";
		};
		D3F6EA6A2C0B377D002883C5 /* Products */ = {
			isa = PBXGroup;
			children = (
				D3F6EA692C0B377D002883C5 /* AviaTickets.app */,
			);
			name = Products;
			sourceTree = "<group>";
		};
		D3F6EA6B2C0B377D002883C5 /* AviaTickets */ = {
			isa = PBXGroup;
			children = (
				D373D8812C0B3B3300B498EB /* Modules */,
				D373D8822C0B3B3A00B498EB /* Core */,
				D3F6EA7A2C0B377E002883C5 /* Info.plist */,
			);
			path = AviaTickets;
			sourceTree = "<group>";
		};
		F67C626F1EBEFD9A79D0D5EE /* Pods */ = {
			isa = PBXGroup;
			children = (
				0C1282BA9296770813830036 /* Pods-AviaTickets.debug.xcconfig */,
				9B779EEBDF74346FA9FCFA67 /* Pods-AviaTickets.release.xcconfig */,
			);
			path = Pods;
			sourceTree = "<group>";
		};
/* End PBXGroup section */

/* Begin PBXNativeTarget section */
		D3F6EA682C0B377D002883C5 /* AviaTickets */ = {
			isa = PBXNativeTarget;
			buildConfigurationList = D3F6EA7D2C0B377E002883C5 /* Build configuration list for PBXNativeTarget "AviaTickets" */;
			buildPhases = (
				899CA268BC7703DA3D788915 /* [CP] Check Pods Manifest.lock */,
				D3B960932C0B385800B35FB3 /* R Swift */,
				D3F6EA652C0B377D002883C5 /* Sources */,
				D3F6EA662C0B377D002883C5 /* Frameworks */,
				D3F6EA672C0B377D002883C5 /* Resources */,
				0C1389835D219C008022DCF6 /* [CP] Embed Pods Frameworks */,
			);
			buildRules = (
			);
			dependencies = (
			);
			name = AviaTickets;
			productName = AviaTickets;
			productReference = D3F6EA692C0B377D002883C5 /* AviaTickets.app */;
			productType = "com.apple.product-type.application";
		};
/* End PBXNativeTarget section */

/* Begin PBXProject section */
		D3F6EA612C0B377D002883C5 /* Project object */ = {
			isa = PBXProject;
			attributes = {
				BuildIndependentTargetsInParallel = 1;
				LastSwiftUpdateCheck = 1540;
				LastUpgradeCheck = 1540;
				TargetAttributes = {
					D3F6EA682C0B377D002883C5 = {
						CreatedOnToolsVersion = 15.4;
					};
				};
			};
			buildConfigurationList = D3F6EA642C0B377D002883C5 /* Build configuration list for PBXProject "AviaTickets" */;
			compatibilityVersion = "Xcode 14.0";
			developmentRegion = ru;
			hasScannedForEncodings = 0;
			knownRegions = (
				en,
				Base,
				ru,
			);
			mainGroup = D3F6EA602C0B377D002883C5;
			productRefGroup = D3F6EA6A2C0B377D002883C5 /* Products */;
			projectDirPath = "";
			projectRoot = "";
			targets = (
				D3F6EA682C0B377D002883C5 /* AviaTickets */,
			);
		};
/* End PBXProject section */

/* Begin PBXResourcesBuildPhase section */
		D3F6EA672C0B377D002883C5 /* Resources */ = {
			isa = PBXResourcesBuildPhase;
			buildActionMask = 2147483647;
			files = (
				D373D8BB2C0B824F00B498EB /* SF-Pro-Display-Semibold.otf in Resources */,
				D373D8B92C0B824A00B498EB /* SF-Pro-Display-Medium.otf in Resources */,
				D3F6EA762C0B377E002883C5 /* Assets.xcassets in Resources */,
				D373D8882C0B3C9A00B498EB /* gitignore in Resources */,
				D373D8BA2C0B824D00B498EB /* SF-Pro-Display-Regular.otf in Resources */,
				D3F6EA792C0B377E002883C5 /* Base in Resources */,
			);
			runOnlyForDeploymentPostprocessing = 0;
		};
/* End PBXResourcesBuildPhase section */

/* Begin PBXShellScriptBuildPhase section */
		0C1389835D219C008022DCF6 /* [CP] Embed Pods Frameworks */ = {
			isa = PBXShellScriptBuildPhase;
			buildActionMask = 2147483647;
			files = (
			);
			inputFileListPaths = (
				"${PODS_ROOT}/Target Support Files/Pods-AviaTickets/Pods-AviaTickets-frameworks-${CONFIGURATION}-input-files.xcfilelist",
			);
			name = "[CP] Embed Pods Frameworks";
			outputFileListPaths = (
				"${PODS_ROOT}/Target Support Files/Pods-AviaTickets/Pods-AviaTickets-frameworks-${CONFIGURATION}-output-files.xcfilelist",
			);
			runOnlyForDeploymentPostprocessing = 0;
			shellPath = /bin/sh;
			shellScript = "\"${PODS_ROOT}/Target Support Files/Pods-AviaTickets/Pods-AviaTickets-frameworks.sh\"\n";
			showEnvVarsInLog = 0;
		};
		899CA268BC7703DA3D788915 /* [CP] Check Pods Manifest.lock */ = {
			isa = PBXShellScriptBuildPhase;
			buildActionMask = 2147483647;
			files = (
			);
			inputFileListPaths = (
			);
			inputPaths = (
				"${PODS_PODFILE_DIR_PATH}/Podfile.lock",
				"${PODS_ROOT}/Manifest.lock",
			);
			name = "[CP] Check Pods Manifest.lock";
			outputFileListPaths = (
			);
			outputPaths = (
				"$(DERIVED_FILE_DIR)/Pods-AviaTickets-checkManifestLockResult.txt",
			);
			runOnlyForDeploymentPostprocessing = 0;
			shellPath = /bin/sh;
			shellScript = "diff \"${PODS_PODFILE_DIR_PATH}/Podfile.lock\" \"${PODS_ROOT}/Manifest.lock\" > /dev/null\nif [ $? != 0 ] ; then\n    # print error to STDERR\n    echo \"error: The sandbox is not in sync with the Podfile.lock. Run 'pod install' or update your CocoaPods installation.\" >&2\n    exit 1\nfi\n# This output is used by Xcode 'outputs' to avoid re-running this script phase.\necho \"SUCCESS\" > \"${SCRIPT_OUTPUT_FILE_0}\"\n";
			showEnvVarsInLog = 0;
		};
		D3B960932C0B385800B35FB3 /* R Swift */ = {
			isa = PBXShellScriptBuildPhase;
			alwaysOutOfDate = 1;
			buildActionMask = 2147483647;
			files = (
			);
			inputFileListPaths = (
			);
			inputPaths = (
			);
			name = "R Swift";
			outputFileListPaths = (
			);
			outputPaths = (
				$SRCROOT/R.generated.swift,
			);
			runOnlyForDeploymentPostprocessing = 0;
			shellPath = /bin/sh;
			shellScript = "\"$PODS_ROOT/R.swift/rswift\" generate \"$SRCROOT/R.generated.swift\"\n";
		};
/* End PBXShellScriptBuildPhase section */

/* Begin PBXSourcesBuildPhase section */
		D3F6EA652C0B377D002883C5 /* Sources */ = {
			isa = PBXSourcesBuildPhase;
			buildActionMask = 2147483647;
			files = (
				D3BF5F562C0EFAB800E7263B /* SearchPlaceholderViewModel.swift in Sources */,
				D3331AC82C111FAF0011E283 /* TicketsListViewCoordinatorProtocol.swift in Sources */,
				D373D8F12C0E3B7200B498EB /* SearchTicketsViewCoordinatorProtocol.swift in Sources */,
				D3331ADA2C113A870011E283 /* HandLuggage.swift in Sources */,
				D36C79792C1109540050B542 /* SelectedCountryItemData.swift in Sources */,
				D373D8D02C0D373900B498EB /* Offer.swift in Sources */,
				D373D8CE2C0D30E800B498EB /* NetworkManager.swift in Sources */,
				D373D8C32C0CED2200B498EB /* AirTicketsMusicSectionCell.swift in Sources */,
				D3BF5F522C0EDC3F00E7263B /* City.swift in Sources */,
				D3331AD42C113A510011E283 /* Price.swift in Sources */,
				D373D8C52C0CF5B100B498EB /* AirTicketsMusicCell.swift in Sources */,
				D3331AD82C113A760011E283 /* Luggage.swift in Sources */,
				D373D8B82C0B81BF00B498EB /* Fonts.swift in Sources */,
				D3BF5F502C0EDB4C00E7263B /* SearchTicketsViewModel.swift in Sources */,
				D3BF5F7D2C107F6A00E7263B /* TicketOfferListCell.swift in Sources */,
				D3BF5F4E2C0EDACD00E7263B /* SearchTicketsViewModelProtocol.swift in Sources */,
				D373D8992C0B496300B498EB /* MainViewCoordinator.swift in Sources */,
				D373D89B2C0B49AD00B498EB /* ModuleFactoryProtocol.swift in Sources */,
				D373D8FF2C0E8FB200B498EB /* SearchViewButtonType.swift in Sources */,
				D3F6EA712C0B377D002883C5 /* MainViewController.swift in Sources */,
				D3BF5F6B2C0F935E00E7263B /* SelectedCountryViewController.swift in Sources */,
				D3BF5F752C104ED600E7263B /* SelectedCountrySubscribeView.swift in Sources */,
				D3F6EA6D2C0B377D002883C5 /* AppDelegate.swift in Sources */,
				D3331ACC2C1126480011E283 /* TicketsListViewModelProtocol.swift in Sources */,
				D373D8A02C0B5C9500B498EB /* String + Extensions.swift in Sources */,
				D3699AB82C10A0F4007338DF /* SelectedCountryViewModelState.swift in Sources */,
				D3F6EA6F2C0B377D002883C5 /* SceneDelegate.swift in Sources */,
				D3331AD02C1128AF0011E283 /* TicketsListNavigationView.swift in Sources */,
				D3331AE02C1148950011E283 /* TicketsListBottomButtonView.swift in Sources */,
				D373D89D2C0B599C00B498EB /* PlaceHolderViewController.swift in Sources */,
				D36C79832C111CBD0050B542 /* TicketsListViewController.swift in Sources */,
				D373D8C12C0CEAAE00B498EB /* AirTicketsSectionHeader.swift in Sources */,
				D373D8E22C0E01ED00B498EB /* AirTicketsMusicSectionViewModelProtocol.swift in Sources */,
				D373D8EF2C0E3B6600B498EB /* SearchTicketsViewCoordinator.swift in Sources */,
				D373D8F32C0E3D2F00B498EB /* SearchTicketsViewModuleFactory.swift in Sources */,
				D373D8BD2C0CAF8000B498EB /* InputFieldView.swift in Sources */,
				D3BF5F792C1070C400E7263B /* TicketOfferListView.swift in Sources */,
				D373D8D82C0DC69B00B498EB /* UITextField + Extensions.swift in Sources */,
				D3699AC02C10A85B007338DF /* TicketOffersCellOutput.swift in Sources */,
				D373D8862C0B3B5F00B498EB /* R.generated.swift in Sources */,
				D373D8942C0B484D00B498EB /* MainViewBuilder.swift in Sources */,
				D3699ABA2C10A19C007338DF /* TicketOffer.swift in Sources */,
				D3BF5F6D2C0F942600E7263B /* SelectedCountryViewModelProtocol.swift in Sources */,
				D3331AD22C1137AF0011E283 /* Ticket.swift in Sources */,
				D373D8D22C0D3C0100B498EB /* AirTicketsMusicSectionViewModel.swift in Sources */,
				D373D8F72C0E3FAD00B498EB /* SearchInputView.swift in Sources */,
				D3331AD62C113A600011E283 /* Arrival.swift in Sources */,
				D373D8A22C0B6CF000B498EB /* MainViewModuleFactoryProtocol.swift in Sources */,
				D373D8B02C0B7E7B00B498EB /* AirTicketsViewCoordinator.swift in Sources */,
				D3BF5F5A2C0EFB4F00E7263B /* SearchPlaceholderViewCoordinator.swift in Sources */,
				D3331ACA2C111FF10011E283 /* TicketsListViewCoordinator.swift in Sources */,
				D373D8D42C0D3CD300B498EB /* AirTicketsNetworkResponse.swift in Sources */,
				D373D8FD2C0E8F8500B498EB /* SearchViewButton.swift in Sources */,
				D3331AC62C111F2E0011E283 /* TicketsListViewModuleFactory.swift in Sources */,
				D3699AC22C10D29E007338DF /* CallendarView.swift in Sources */,
				D3699ABC2C10A23C007338DF /* SelectedCountryNetworkResponse.swift in Sources */,
				D373D8CA2C0D306300B498EB /* NetworkManagerProtocol.swift in Sources */,
				D373D8E02C0DFE1F00B498EB /* AirTicketsViewModelState.swift in Sources */,
				D373D8BF2C0CCC6300B498EB /* AirTicketsHeader.swift in Sources */,
				D3BF5F652C0F917F00E7263B /* SelectedCountryViewCoordinatorPorotocol.swift in Sources */,
				D3BF5F6F2C0F944300E7263B /* SelectedCountryViewModel.swift in Sources */,
				D373D8972C0B486300B498EB /* CoordinatorProtocols.swift in Sources */,
				D373D8E62C0E0F2500B498EB /* AirTicketsViewCoordinatorProtocol.swift in Sources */,
				D373D8DE2C0DFD4F00B498EB /* AirTicketsViewModelProtocol.swift in Sources */,
				D3BF5F692C0F92A300E7263B /* SelectedCountryViewModuleFactory.swift in Sources */,
				D373D8E42C0E0DA000B498EB /* AirTicketsViewFactory.swift in Sources */,
				D373D8AE2C0B7DCB00B498EB /* AirTicketsViewController.swift in Sources */,
				D3699AC42C1108C5007338DF /* SelectedCountryItemType.swift in Sources */,
				D3BF5F582C0EFAC700E7263B /* SearchPlaceholderViewModelProtocol.swift in Sources */,
				D3BF5F712C0F980400E7263B /* SelectedContrySearchView.swift in Sources */,
				D3BF5F5C2C0EFCCA00E7263B /* SearchPlaceholderViewCoordinatorProtocol.swift in Sources */,
				D3BF5F732C0FBC6400E7263B /* SelectedCountryItem.swift in Sources */,
				D3BF5F542C0EF77900E7263B /* SearchPlaceholderViewController.swift in Sources */,
				D373D8FB2C0E70F900B498EB /* SearchViewButtonList.swift in Sources */,
				D373D9012C0E96D200B498EB /* SearchViewCityCell.swift in Sources */,
				D373D8C72C0D012000B498EB /* AirTicketsViewModel.swift in Sources */,
				D373D8F52C0E3DEB00B498EB /* SearchTicketsViewController.swift in Sources */,
				D3BF5F672C0F919500E7263B /* SelectedCountryViewCoordinator.swift in Sources */,
				D373D8D62C0D40C200B498EB /* AirTicketsMusicOffersOutput.swift in Sources */,
				D3331ACE2C1126F20011E283 /* TicketsListViewModel.swift in Sources */,
				D3331ADE2C113ED30011E283 /* TicketsListState.swift in Sources */,
				D3331ADC2C113AB00011E283 /* TicketsListNetworkResponse.swift in Sources */,
				D373D8F92C0E464200B498EB /* SearchTextField.swift in Sources */,
			);
			runOnlyForDeploymentPostprocessing = 0;
		};
/* End PBXSourcesBuildPhase section */

/* Begin PBXVariantGroup section */
		D3F6EA772C0B377E002883C5 /* LaunchScreen.storyboard */ = {
			isa = PBXVariantGroup;
			children = (
				D3F6EA782C0B377E002883C5 /* Base */,
			);
			name = LaunchScreen.storyboard;
			sourceTree = "<group>";
		};
/* End PBXVariantGroup section */

/* Begin XCBuildConfiguration section */
		D3F6EA7B2C0B377E002883C5 /* Debug */ = {
			isa = XCBuildConfiguration;
			buildSettings = {
				ALWAYS_SEARCH_USER_PATHS = NO;
				ASSETCATALOG_COMPILER_GENERATE_SWIFT_ASSET_SYMBOL_EXTENSIONS = YES;
				CLANG_ANALYZER_NONNULL = YES;
				CLANG_ANALYZER_NUMBER_OBJECT_CONVERSION = YES_AGGRESSIVE;
				CLANG_CXX_LANGUAGE_STANDARD = "gnu++20";
				CLANG_ENABLE_MODULES = YES;
				CLANG_ENABLE_OBJC_ARC = YES;
				CLANG_ENABLE_OBJC_WEAK = YES;
				CLANG_WARN_BLOCK_CAPTURE_AUTORELEASING = YES;
				CLANG_WARN_BOOL_CONVERSION = YES;
				CLANG_WARN_COMMA = YES;
				CLANG_WARN_CONSTANT_CONVERSION = YES;
				CLANG_WARN_DEPRECATED_OBJC_IMPLEMENTATIONS = YES;
				CLANG_WARN_DIRECT_OBJC_ISA_USAGE = YES_ERROR;
				CLANG_WARN_DOCUMENTATION_COMMENTS = YES;
				CLANG_WARN_EMPTY_BODY = YES;
				CLANG_WARN_ENUM_CONVERSION = YES;
				CLANG_WARN_INFINITE_RECURSION = YES;
				CLANG_WARN_INT_CONVERSION = YES;
				CLANG_WARN_NON_LITERAL_NULL_CONVERSION = YES;
				CLANG_WARN_OBJC_IMPLICIT_RETAIN_SELF = YES;
				CLANG_WARN_OBJC_LITERAL_CONVERSION = YES;
				CLANG_WARN_OBJC_ROOT_CLASS = YES_ERROR;
				CLANG_WARN_QUOTED_INCLUDE_IN_FRAMEWORK_HEADER = YES;
				CLANG_WARN_RANGE_LOOP_ANALYSIS = YES;
				CLANG_WARN_STRICT_PROTOTYPES = YES;
				CLANG_WARN_SUSPICIOUS_MOVE = YES;
				CLANG_WARN_UNGUARDED_AVAILABILITY = YES_AGGRESSIVE;
				CLANG_WARN_UNREACHABLE_CODE = YES;
				CLANG_WARN__DUPLICATE_METHOD_MATCH = YES;
				COPY_PHASE_STRIP = NO;
				DEBUG_INFORMATION_FORMAT = dwarf;
				ENABLE_STRICT_OBJC_MSGSEND = YES;
				ENABLE_TESTABILITY = YES;
				ENABLE_USER_SCRIPT_SANDBOXING = NO;
				GCC_C_LANGUAGE_STANDARD = gnu17;
				GCC_DYNAMIC_NO_PIC = NO;
				GCC_NO_COMMON_BLOCKS = YES;
				GCC_OPTIMIZATION_LEVEL = 0;
				GCC_PREPROCESSOR_DEFINITIONS = (
					"DEBUG=1",
					"$(inherited)",
				);
				GCC_WARN_64_TO_32_BIT_CONVERSION = YES;
				GCC_WARN_ABOUT_RETURN_TYPE = YES_ERROR;
				GCC_WARN_UNDECLARED_SELECTOR = YES;
				GCC_WARN_UNINITIALIZED_AUTOS = YES_AGGRESSIVE;
				GCC_WARN_UNUSED_FUNCTION = YES;
				GCC_WARN_UNUSED_VARIABLE = YES;
				IPHONEOS_DEPLOYMENT_TARGET = 15.0;
				LOCALIZATION_PREFERS_STRING_CATALOGS = YES;
				MTL_ENABLE_DEBUG_INFO = INCLUDE_SOURCE;
				MTL_FAST_MATH = YES;
				ONLY_ACTIVE_ARCH = YES;
				SDKROOT = iphoneos;
				SWIFT_ACTIVE_COMPILATION_CONDITIONS = "DEBUG $(inherited)";
				SWIFT_OPTIMIZATION_LEVEL = "-Onone";
			};
			name = Debug;
		};
		D3F6EA7C2C0B377E002883C5 /* Release */ = {
			isa = XCBuildConfiguration;
			buildSettings = {
				ALWAYS_SEARCH_USER_PATHS = NO;
				ASSETCATALOG_COMPILER_GENERATE_SWIFT_ASSET_SYMBOL_EXTENSIONS = YES;
				CLANG_ANALYZER_NONNULL = YES;
				CLANG_ANALYZER_NUMBER_OBJECT_CONVERSION = YES_AGGRESSIVE;
				CLANG_CXX_LANGUAGE_STANDARD = "gnu++20";
				CLANG_ENABLE_MODULES = YES;
				CLANG_ENABLE_OBJC_ARC = YES;
				CLANG_ENABLE_OBJC_WEAK = YES;
				CLANG_WARN_BLOCK_CAPTURE_AUTORELEASING = YES;
				CLANG_WARN_BOOL_CONVERSION = YES;
				CLANG_WARN_COMMA = YES;
				CLANG_WARN_CONSTANT_CONVERSION = YES;
				CLANG_WARN_DEPRECATED_OBJC_IMPLEMENTATIONS = YES;
				CLANG_WARN_DIRECT_OBJC_ISA_USAGE = YES_ERROR;
				CLANG_WARN_DOCUMENTATION_COMMENTS = YES;
				CLANG_WARN_EMPTY_BODY = YES;
				CLANG_WARN_ENUM_CONVERSION = YES;
				CLANG_WARN_INFINITE_RECURSION = YES;
				CLANG_WARN_INT_CONVERSION = YES;
				CLANG_WARN_NON_LITERAL_NULL_CONVERSION = YES;
				CLANG_WARN_OBJC_IMPLICIT_RETAIN_SELF = YES;
				CLANG_WARN_OBJC_LITERAL_CONVERSION = YES;
				CLANG_WARN_OBJC_ROOT_CLASS = YES_ERROR;
				CLANG_WARN_QUOTED_INCLUDE_IN_FRAMEWORK_HEADER = YES;
				CLANG_WARN_RANGE_LOOP_ANALYSIS = YES;
				CLANG_WARN_STRICT_PROTOTYPES = YES;
				CLANG_WARN_SUSPICIOUS_MOVE = YES;
				CLANG_WARN_UNGUARDED_AVAILABILITY = YES_AGGRESSIVE;
				CLANG_WARN_UNREACHABLE_CODE = YES;
				CLANG_WARN__DUPLICATE_METHOD_MATCH = YES;
				COPY_PHASE_STRIP = NO;
				DEBUG_INFORMATION_FORMAT = "dwarf-with-dsym";
				ENABLE_NS_ASSERTIONS = NO;
				ENABLE_STRICT_OBJC_MSGSEND = YES;
				ENABLE_USER_SCRIPT_SANDBOXING = NO;
				GCC_C_LANGUAGE_STANDARD = gnu17;
				GCC_NO_COMMON_BLOCKS = YES;
				GCC_WARN_64_TO_32_BIT_CONVERSION = YES;
				GCC_WARN_ABOUT_RETURN_TYPE = YES_ERROR;
				GCC_WARN_UNDECLARED_SELECTOR = YES;
				GCC_WARN_UNINITIALIZED_AUTOS = YES_AGGRESSIVE;
				GCC_WARN_UNUSED_FUNCTION = YES;
				GCC_WARN_UNUSED_VARIABLE = YES;
				IPHONEOS_DEPLOYMENT_TARGET = 15.0;
				LOCALIZATION_PREFERS_STRING_CATALOGS = YES;
				MTL_ENABLE_DEBUG_INFO = NO;
				MTL_FAST_MATH = YES;
				SDKROOT = iphoneos;
				SWIFT_COMPILATION_MODE = wholemodule;
				VALIDATE_PRODUCT = YES;
			};
			name = Release;
		};
		D3F6EA7E2C0B377E002883C5 /* Debug */ = {
			isa = XCBuildConfiguration;
			baseConfigurationReference = 0C1282BA9296770813830036 /* Pods-AviaTickets.debug.xcconfig */;
			buildSettings = {
				ASSETCATALOG_COMPILER_APPICON_NAME = AppIcon;
				ASSETCATALOG_COMPILER_GLOBAL_ACCENT_COLOR_NAME = AccentColor;
				CODE_SIGN_STYLE = Automatic;
				CURRENT_PROJECT_VERSION = 1;
				DEVELOPMENT_TEAM = V9P9K4WJ2E;
				GENERATE_INFOPLIST_FILE = YES;
				INFOPLIST_FILE = AviaTickets/Info.plist;
				INFOPLIST_KEY_CFBundleDisplayName = AirTickets;
				INFOPLIST_KEY_LSApplicationCategoryType = "public.app-category.travel";
				INFOPLIST_KEY_UIApplicationSupportsIndirectInputEvents = YES;
				INFOPLIST_KEY_UILaunchStoryboardName = LaunchScreen;
				INFOPLIST_KEY_UIMainStoryboardFile = "";
				INFOPLIST_KEY_UISupportedInterfaceOrientations = UIInterfaceOrientationPortrait;
				INFOPLIST_KEY_UISupportedInterfaceOrientations_iPad = "UIInterfaceOrientationLandscapeLeft UIInterfaceOrientationLandscapeRight UIInterfaceOrientationPortrait UIInterfaceOrientationPortraitUpsideDown";
				IPHONEOS_DEPLOYMENT_TARGET = 15.0;
				LD_RUNPATH_SEARCH_PATHS = (
					"$(inherited)",
					"@executable_path/Frameworks",
				);
				MARKETING_VERSION = 1.0;
				PRODUCT_BUNDLE_IDENTIFIER = com.vladislavmiroshnichenko.AviaTickets;
				PRODUCT_NAME = "$(TARGET_NAME)";
				SUPPORTED_PLATFORMS = "iphoneos iphonesimulator";
				SUPPORTS_MACCATALYST = NO;
				SUPPORTS_MAC_DESIGNED_FOR_IPHONE_IPAD = NO;
				SUPPORTS_XR_DESIGNED_FOR_IPHONE_IPAD = NO;
				SWIFT_EMIT_LOC_STRINGS = YES;
				SWIFT_VERSION = 5.0;
				TARGETED_DEVICE_FAMILY = 1;
			};
			name = Debug;
		};
		D3F6EA7F2C0B377E002883C5 /* Release */ = {
			isa = XCBuildConfiguration;
			baseConfigurationReference = 9B779EEBDF74346FA9FCFA67 /* Pods-AviaTickets.release.xcconfig */;
			buildSettings = {
				ASSETCATALOG_COMPILER_APPICON_NAME = AppIcon;
				ASSETCATALOG_COMPILER_GLOBAL_ACCENT_COLOR_NAME = AccentColor;
				CODE_SIGN_STYLE = Automatic;
				CURRENT_PROJECT_VERSION = 1;
				DEVELOPMENT_TEAM = V9P9K4WJ2E;
				GENERATE_INFOPLIST_FILE = YES;
				INFOPLIST_FILE = AviaTickets/Info.plist;
				INFOPLIST_KEY_CFBundleDisplayName = AirTickets;
				INFOPLIST_KEY_LSApplicationCategoryType = "public.app-category.travel";
				INFOPLIST_KEY_UIApplicationSupportsIndirectInputEvents = YES;
				INFOPLIST_KEY_UILaunchStoryboardName = LaunchScreen;
				INFOPLIST_KEY_UIMainStoryboardFile = "";
				INFOPLIST_KEY_UISupportedInterfaceOrientations = UIInterfaceOrientationPortrait;
				INFOPLIST_KEY_UISupportedInterfaceOrientations_iPad = "UIInterfaceOrientationLandscapeLeft UIInterfaceOrientationLandscapeRight UIInterfaceOrientationPortrait UIInterfaceOrientationPortraitUpsideDown";
				IPHONEOS_DEPLOYMENT_TARGET = 15.0;
				LD_RUNPATH_SEARCH_PATHS = (
					"$(inherited)",
					"@executable_path/Frameworks",
				);
				MARKETING_VERSION = 1.0;
				PRODUCT_BUNDLE_IDENTIFIER = com.vladislavmiroshnichenko.AviaTickets;
				PRODUCT_NAME = "$(TARGET_NAME)";
				SUPPORTED_PLATFORMS = "iphoneos iphonesimulator";
				SUPPORTS_MACCATALYST = NO;
				SUPPORTS_MAC_DESIGNED_FOR_IPHONE_IPAD = NO;
				SUPPORTS_XR_DESIGNED_FOR_IPHONE_IPAD = NO;
				SWIFT_EMIT_LOC_STRINGS = YES;
				SWIFT_VERSION = 5.0;
				TARGETED_DEVICE_FAMILY = 1;
			};
			name = Release;
		};
/* End XCBuildConfiguration section */

/* Begin XCConfigurationList section */
		D3F6EA642C0B377D002883C5 /* Build configuration list for PBXProject "AviaTickets" */ = {
			isa = XCConfigurationList;
			buildConfigurations = (
				D3F6EA7B2C0B377E002883C5 /* Debug */,
				D3F6EA7C2C0B377E002883C5 /* Release */,
			);
			defaultConfigurationIsVisible = 0;
			defaultConfigurationName = Release;
		};
		D3F6EA7D2C0B377E002883C5 /* Build configuration list for PBXNativeTarget "AviaTickets" */ = {
			isa = XCConfigurationList;
			buildConfigurations = (
				D3F6EA7E2C0B377E002883C5 /* Debug */,
				D3F6EA7F2C0B377E002883C5 /* Release */,
			);
			defaultConfigurationIsVisible = 0;
			defaultConfigurationName = Release;
		};
/* End XCConfigurationList section */
	};
	rootObject = D3F6EA612C0B377D002883C5 /* Project object */;
}
