// !$*UTF8*$!
{
	archiveVersion = 1;
	classes = {
	};
	objectVersion = 56;
	objects = {

/* Begin PBXBuildFile section */
		4E6EAB2AAAC4B6CC27E114E8 /* Pods_AviaTickets.framework in Frameworks */ = {isa = PBXBuildFile; fileRef = 7BE45921ED154A2A9D7FBE80 /* Pods_AviaTickets.framework */; };
		D373D8862C0B3B5F00B498EB /* R.generated.swift in Sources */ = {isa = PBXBuildFile; fileRef = D373D8852C0B3B5F00B498EB /* R.generated.swift */; };
		D373D8882C0B3C9A00B498EB /* gitignore in Resources */ = {isa = PBXBuildFile; fileRef = D373D8872C0B3C9A00B498EB /* gitignore */; };
		D3F6EA6D2C0B377D002883C5 /* AppDelegate.swift in Sources */ = {isa = PBXBuildFile; fileRef = D3F6EA6C2C0B377D002883C5 /* AppDelegate.swift */; };
		D3F6EA6F2C0B377D002883C5 /* SceneDelegate.swift in Sources */ = {isa = PBXBuildFile; fileRef = D3F6EA6E2C0B377D002883C5 /* SceneDelegate.swift */; };
		D3F6EA712C0B377D002883C5 /* ViewController.swift in Sources */ = {isa = PBXBuildFile; fileRef = D3F6EA702C0B377D002883C5 /* ViewController.swift */; };
		D3F6EA762C0B377E002883C5 /* Assets.xcassets in Resources */ = {isa = PBXBuildFile; fileRef = D3F6EA752C0B377E002883C5 /* Assets.xcassets */; };
		D3F6EA792C0B377E002883C5 /* Base in Resources */ = {isa = PBXBuildFile; fileRef = D3F6EA782C0B377E002883C5 /* Base */; };
/* End PBXBuildFile section */

/* Begin PBXFileReference section */
		0C1282BA9296770813830036 /* Pods-AviaTickets.debug.xcconfig */ = {isa = PBXFileReference; includeInIndex = 1; lastKnownFileType = text.xcconfig; name = "Pods-AviaTickets.debug.xcconfig"; path = "Target Support Files/Pods-AviaTickets/Pods-AviaTickets.debug.xcconfig"; sourceTree = "<group>"; };
		7BE45921ED154A2A9D7FBE80 /* Pods_AviaTickets.framework */ = {isa = PBXFileReference; explicitFileType = wrapper.framework; includeInIndex = 0; path = Pods_AviaTickets.framework; sourceTree = BUILT_PRODUCTS_DIR; };
		9B779EEBDF74346FA9FCFA67 /* Pods-AviaTickets.release.xcconfig */ = {isa = PBXFileReference; includeInIndex = 1; lastKnownFileType = text.xcconfig; name = "Pods-AviaTickets.release.xcconfig"; path = "Target Support Files/Pods-AviaTickets/Pods-AviaTickets.release.xcconfig"; sourceTree = "<group>"; };
		D373D8852C0B3B5F00B498EB /* R.generated.swift */ = {isa = PBXFileReference; fileEncoding = 4; lastKnownFileType = sourcecode.swift; path = R.generated.swift; sourceTree = SOURCE_ROOT; };
		D373D8872C0B3C9A00B498EB /* gitignore */ = {isa = PBXFileReference; fileEncoding = 4; lastKnownFileType = text; path = gitignore; sourceTree = "<group>"; };
		D3F6EA692C0B377D002883C5 /* AviaTickets.app */ = {isa = PBXFileReference; explicitFileType = wrapper.application; includeInIndex = 0; path = AviaTickets.app; sourceTree = BUILT_PRODUCTS_DIR; };
		D3F6EA6C2C0B377D002883C5 /* AppDelegate.swift */ = {isa = PBXFileReference; lastKnownFileType = sourcecode.swift; path = AppDelegate.swift; sourceTree = "<group>"; };
		D3F6EA6E2C0B377D002883C5 /* SceneDelegate.swift */ = {isa = PBXFileReference; lastKnownFileType = sourcecode.swift; path = SceneDelegate.swift; sourceTree = "<group>"; };
		D3F6EA702C0B377D002883C5 /* ViewController.swift */ = {isa = PBXFileReference; lastKnownFileType = sourcecode.swift; path = ViewController.swift; sourceTree = "<group>"; };
		D3F6EA752C0B377E002883C5 /* Assets.xcassets */ = {isa = PBXFileReference; lastKnownFileType = folder.assetcatalog; path = Assets.xcassets; sourceTree = "<group>"; };
		D3F6EA782C0B377E002883C5 /* Base */ = {isa = PBXFileReference; lastKnownFileType = file.storyboard; name = Base; path = Base.lproj/LaunchScreen.storyboard; sourceTree = "<group>"; };
		D3F6EA7A2C0B377E002883C5 /* Info.plist */ = {isa = PBXFileReference; lastKnownFileType = text.plist.xml; path = Info.plist; sourceTree = "<group>"; };
/* End PBXFileReference section */

/* Begin PBXFrameworksBuildPhase section */
		D3F6EA662C0B377D002883C5 /* Frameworks */ = {
			isa = PBXFrameworksBuildPhase;
			buildActionMask = 2147483647;
			files = (
				4E6EAB2AAAC4B6CC27E114E8 /* Pods_AviaTickets.framework in Frameworks */,
			);
			runOnlyForDeploymentPostprocessing = 0;
		};
/* End PBXFrameworksBuildPhase section */

/* Begin PBXGroup section */
		03F435CE49A94FD9191342E7 /* Frameworks */ = {
			isa = PBXGroup;
			children = (
				7BE45921ED154A2A9D7FBE80 /* Pods_AviaTickets.framework */,
			);
			name = Frameworks;
			sourceTree = "<group>";
		};
		D373D8812C0B3B3300B498EB /* Modules */ = {
			isa = PBXGroup;
			children = (
			);
			path = Modules;
			sourceTree = "<group>";
		};
		D373D8822C0B3B3A00B498EB /* Core */ = {
			isa = PBXGroup;
			children = (
				D373D8832C0B3B4200B498EB /* Models */,
				D373D8842C0B3B4800B498EB /* Resources */,
				D3F6EA6C2C0B377D002883C5 /* AppDelegate.swift */,
				D3F6EA6E2C0B377D002883C5 /* SceneDelegate.swift */,
			);
			path = Core;
			sourceTree = "<group>";
		};
		D373D8832C0B3B4200B498EB /* Models */ = {
			isa = PBXGroup;
			children = (
			);
			path = Models;
			sourceTree = "<group>";
		};
		D373D8842C0B3B4800B498EB /* Resources */ = {
			isa = PBXGroup;
			children = (
				D373D8852C0B3B5F00B498EB /* R.generated.swift */,
				D3F6EA752C0B377E002883C5 /* Assets.xcassets */,
				D3F6EA772C0B377E002883C5 /* LaunchScreen.storyboard */,
			);
			path = Resources;
			sourceTree = "<group>";
		};
		D3F6EA602C0B377D002883C5 = {
			isa = PBXGroup;
			children = (
				D373D8872C0B3C9A00B498EB /* gitignore */,
				D3F6EA6B2C0B377D002883C5 /* AviaTickets */,
				D3F6EA6A2C0B377D002883C5 /* Products */,
				F67C626F1EBEFD9A79D0D5EE /* Pods */,
				03F435CE49A94FD9191342E7 /* Frameworks */,
			);
			sourceTree = "<group>";
		};
		D3F6EA6A2C0B377D002883C5 /* Products */ = {
			isa = PBXGroup;
			children = (
				D3F6EA692C0B377D002883C5 /* AviaTickets.app */,
			);
			name = Products;
			sourceTree = "<group>";
		};
		D3F6EA6B2C0B377D002883C5 /* AviaTickets */ = {
			isa = PBXGroup;
			children = (
				D373D8812C0B3B3300B498EB /* Modules */,
				D373D8822C0B3B3A00B498EB /* Core */,
				D3F6EA702C0B377D002883C5 /* ViewController.swift */,
				D3F6EA7A2C0B377E002883C5 /* Info.plist */,
			);
			path = AviaTickets;
			sourceTree = "<group>";
		};
		F67C626F1EBEFD9A79D0D5EE /* Pods */ = {
			isa = PBXGroup;
			children = (
				0C1282BA9296770813830036 /* Pods-AviaTickets.debug.xcconfig */,
				9B779EEBDF74346FA9FCFA67 /* Pods-AviaTickets.release.xcconfig */,
			);
			path = Pods;
			sourceTree = "<group>";
		};
/* End PBXGroup section */

/* Begin PBXNativeTarget section */
		D3F6EA682C0B377D002883C5 /* AviaTickets */ = {
			isa = PBXNativeTarget;
			buildConfigurationList = D3F6EA7D2C0B377E002883C5 /* Build configuration list for PBXNativeTarget "AviaTickets" */;
			buildPhases = (
				899CA268BC7703DA3D788915 /* [CP] Check Pods Manifest.lock */,
				D3B960932C0B385800B35FB3 /* R Swift */,
				D3F6EA652C0B377D002883C5 /* Sources */,
				D3F6EA662C0B377D002883C5 /* Frameworks */,
				D3F6EA672C0B377D002883C5 /* Resources */,
				0C1389835D219C008022DCF6 /* [CP] Embed Pods Frameworks */,
			);
			buildRules = (
			);
			dependencies = (
			);
			name = AviaTickets;
			productName = AviaTickets;
			productReference = D3F6EA692C0B377D002883C5 /* AviaTickets.app */;
			productType = "com.apple.product-type.application";
		};
/* End PBXNativeTarget section */

/* Begin PBXProject section */
		D3F6EA612C0B377D002883C5 /* Project object */ = {
			isa = PBXProject;
			attributes = {
				BuildIndependentTargetsInParallel = 1;
				LastSwiftUpdateCheck = 1540;
				LastUpgradeCheck = 1540;
				TargetAttributes = {
					D3F6EA682C0B377D002883C5 = {
						CreatedOnToolsVersion = 15.4;
					};
				};
			};
			buildConfigurationList = D3F6EA642C0B377D002883C5 /* Build configuration list for PBXProject "AviaTickets" */;
			compatibilityVersion = "Xcode 14.0";
			developmentRegion = en;
			hasScannedForEncodings = 0;
			knownRegions = (
				en,
				Base,
			);
			mainGroup = D3F6EA602C0B377D002883C5;
			productRefGroup = D3F6EA6A2C0B377D002883C5 /* Products */;
			projectDirPath = "";
			projectRoot = "";
			targets = (
				D3F6EA682C0B377D002883C5 /* AviaTickets */,
			);
		};
/* End PBXProject section */

/* Begin PBXResourcesBuildPhase section */
		D3F6EA672C0B377D002883C5 /* Resources */ = {
			isa = PBXResourcesBuildPhase;
			buildActionMask = 2147483647;
			files = (
				D3F6EA762C0B377E002883C5 /* Assets.xcassets in Resources */,
				D373D8882C0B3C9A00B498EB /* gitignore in Resources */,
				D3F6EA792C0B377E002883C5 /* Base in Resources */,
			);
			runOnlyForDeploymentPostprocessing = 0;
		};
/* End PBXResourcesBuildPhase section */

/* Begin PBXShellScriptBuildPhase section */
		0C1389835D219C008022DCF6 /* [CP] Embed Pods Frameworks */ = {
			isa = PBXShellScriptBuildPhase;
			buildActionMask = 2147483647;
			files = (
			);
			inputFileListPaths = (
				"${PODS_ROOT}/Target Support Files/Pods-AviaTickets/Pods-AviaTickets-frameworks-${CONFIGURATION}-input-files.xcfilelist",
			);
			name = "[CP] Embed Pods Frameworks";
			outputFileListPaths = (
				"${PODS_ROOT}/Target Support Files/Pods-AviaTickets/Pods-AviaTickets-frameworks-${CONFIGURATION}-output-files.xcfilelist",
			);
			runOnlyForDeploymentPostprocessing = 0;
			shellPath = /bin/sh;
			shellScript = "\"${PODS_ROOT}/Target Support Files/Pods-AviaTickets/Pods-AviaTickets-frameworks.sh\"\n";
			showEnvVarsInLog = 0;
		};
		899CA268BC7703DA3D788915 /* [CP] Check Pods Manifest.lock */ = {
			isa = PBXShellScriptBuildPhase;
			buildActionMask = 2147483647;
			files = (
			);
			inputFileListPaths = (
			);
			inputPaths = (
				"${PODS_PODFILE_DIR_PATH}/Podfile.lock",
				"${PODS_ROOT}/Manifest.lock",
			);
			name = "[CP] Check Pods Manifest.lock";
			outputFileListPaths = (
			);
			outputPaths = (
				"$(DERIVED_FILE_DIR)/Pods-AviaTickets-checkManifestLockResult.txt",
			);
			runOnlyForDeploymentPostprocessing = 0;
			shellPath = /bin/sh;
			shellScript = "diff \"${PODS_PODFILE_DIR_PATH}/Podfile.lock\" \"${PODS_ROOT}/Manifest.lock\" > /dev/null\nif [ $? != 0 ] ; then\n    # print error to STDERR\n    echo \"error: The sandbox is not in sync with the Podfile.lock. Run 'pod install' or update your CocoaPods installation.\" >&2\n    exit 1\nfi\n# This output is used by Xcode 'outputs' to avoid re-running this script phase.\necho \"SUCCESS\" > \"${SCRIPT_OUTPUT_FILE_0}\"\n";
			showEnvVarsInLog = 0;
		};
		D3B960932C0B385800B35FB3 /* R Swift */ = {
			isa = PBXShellScriptBuildPhase;
			alwaysOutOfDate = 1;
			buildActionMask = 2147483647;
			files = (
			);
			inputFileListPaths = (
			);
			inputPaths = (
			);
			name = "R Swift";
			outputFileListPaths = (
			);
			outputPaths = (
				$SRCROOT/R.generated.swift,
			);
			runOnlyForDeploymentPostprocessing = 0;
			shellPath = /bin/sh;
			shellScript = "\"$PODS_ROOT/R.swift/rswift\" generate \"$SRCROOT/R.generated.swift\"\n";
		};
/* End PBXShellScriptBuildPhase section */

/* Begin PBXSourcesBuildPhase section */
		D3F6EA652C0B377D002883C5 /* Sources */ = {
			isa = PBXSourcesBuildPhase;
			buildActionMask = 2147483647;
			files = (
				D3F6EA712C0B377D002883C5 /* ViewController.swift in Sources */,
				D3F6EA6D2C0B377D002883C5 /* AppDelegate.swift in Sources */,
				D3F6EA6F2C0B377D002883C5 /* SceneDelegate.swift in Sources */,
				D373D8862C0B3B5F00B498EB /* R.generated.swift in Sources */,
			);
			runOnlyForDeploymentPostprocessing = 0;
		};
/* End PBXSourcesBuildPhase section */

/* Begin PBXVariantGroup section */
		D3F6EA772C0B377E002883C5 /* LaunchScreen.storyboard */ = {
			isa = PBXVariantGroup;
			children = (
				D3F6EA782C0B377E002883C5 /* Base */,
			);
			name = LaunchScreen.storyboard;
			sourceTree = "<group>";
		};
/* End PBXVariantGroup section */

/* Begin XCBuildConfiguration section */
		D3F6EA7B2C0B377E002883C5 /* Debug */ = {
			isa = XCBuildConfiguration;
			buildSettings = {
				ALWAYS_SEARCH_USER_PATHS = NO;
				ASSETCATALOG_COMPILER_GENERATE_SWIFT_ASSET_SYMBOL_EXTENSIONS = YES;
				CLANG_ANALYZER_NONNULL = YES;
				CLANG_ANALYZER_NUMBER_OBJECT_CONVERSION = YES_AGGRESSIVE;
				CLANG_CXX_LANGUAGE_STANDARD = "gnu++20";
				CLANG_ENABLE_MODULES = YES;
				CLANG_ENABLE_OBJC_ARC = YES;
				CLANG_ENABLE_OBJC_WEAK = YES;
				CLANG_WARN_BLOCK_CAPTURE_AUTORELEASING = YES;
				CLANG_WARN_BOOL_CONVERSION = YES;
				CLANG_WARN_COMMA = YES;
				CLANG_WARN_CONSTANT_CONVERSION = YES;
				CLANG_WARN_DEPRECATED_OBJC_IMPLEMENTATIONS = YES;
				CLANG_WARN_DIRECT_OBJC_ISA_USAGE = YES_ERROR;
				CLANG_WARN_DOCUMENTATION_COMMENTS = YES;
				CLANG_WARN_EMPTY_BODY = YES;
				CLANG_WARN_ENUM_CONVERSION = YES;
				CLANG_WARN_INFINITE_RECURSION = YES;
				CLANG_WARN_INT_CONVERSION = YES;
				CLANG_WARN_NON_LITERAL_NULL_CONVERSION = YES;
				CLANG_WARN_OBJC_IMPLICIT_RETAIN_SELF = YES;
				CLANG_WARN_OBJC_LITERAL_CONVERSION = YES;
				CLANG_WARN_OBJC_ROOT_CLASS = YES_ERROR;
				CLANG_WARN_QUOTED_INCLUDE_IN_FRAMEWORK_HEADER = YES;
				CLANG_WARN_RANGE_LOOP_ANALYSIS = YES;
				CLANG_WARN_STRICT_PROTOTYPES = YES;
				CLANG_WARN_SUSPICIOUS_MOVE = YES;
				CLANG_WARN_UNGUARDED_AVAILABILITY = YES_AGGRESSIVE;
				CLANG_WARN_UNREACHABLE_CODE = YES;
				CLANG_WARN__DUPLICATE_METHOD_MATCH = YES;
				COPY_PHASE_STRIP = NO;
				DEBUG_INFORMATION_FORMAT = dwarf;
				ENABLE_STRICT_OBJC_MSGSEND = YES;
				ENABLE_TESTABILITY = YES;
				ENABLE_USER_SCRIPT_SANDBOXING = NO;
				GCC_C_LANGUAGE_STANDARD = gnu17;
				GCC_DYNAMIC_NO_PIC = NO;
				GCC_NO_COMMON_BLOCKS = YES;
				GCC_OPTIMIZATION_LEVEL = 0;
				GCC_PREPROCESSOR_DEFINITIONS = (
					"DEBUG=1",
					"$(inherited)",
				);
				GCC_WARN_64_TO_32_BIT_CONVERSION = YES;
				GCC_WARN_ABOUT_RETURN_TYPE = YES_ERROR;
				GCC_WARN_UNDECLARED_SELECTOR = YES;
				GCC_WARN_UNINITIALIZED_AUTOS = YES_AGGRESSIVE;
				GCC_WARN_UNUSED_FUNCTION = YES;
				GCC_WARN_UNUSED_VARIABLE = YES;
				IPHONEOS_DEPLOYMENT_TARGET = 15.0;
				LOCALIZATION_PREFERS_STRING_CATALOGS = YES;
				MTL_ENABLE_DEBUG_INFO = INCLUDE_SOURCE;
				MTL_FAST_MATH = YES;
				ONLY_ACTIVE_ARCH = YES;
				SDKROOT = iphoneos;
				SWIFT_ACTIVE_COMPILATION_CONDITIONS = "DEBUG $(inherited)";
				SWIFT_OPTIMIZATION_LEVEL = "-Onone";
			};
			name = Debug;
		};
		D3F6EA7C2C0B377E002883C5 /* Release */ = {
			isa = XCBuildConfiguration;
			buildSettings = {
				ALWAYS_SEARCH_USER_PATHS = NO;
				ASSETCATALOG_COMPILER_GENERATE_SWIFT_ASSET_SYMBOL_EXTENSIONS = YES;
				CLANG_ANALYZER_NONNULL = YES;
				CLANG_ANALYZER_NUMBER_OBJECT_CONVERSION = YES_AGGRESSIVE;
				CLANG_CXX_LANGUAGE_STANDARD = "gnu++20";
				CLANG_ENABLE_MODULES = YES;
				CLANG_ENABLE_OBJC_ARC = YES;
				CLANG_ENABLE_OBJC_WEAK = YES;
				CLANG_WARN_BLOCK_CAPTURE_AUTORELEASING = YES;
				CLANG_WARN_BOOL_CONVERSION = YES;
				CLANG_WARN_COMMA = YES;
				CLANG_WARN_CONSTANT_CONVERSION = YES;
				CLANG_WARN_DEPRECATED_OBJC_IMPLEMENTATIONS = YES;
				CLANG_WARN_DIRECT_OBJC_ISA_USAGE = YES_ERROR;
				CLANG_WARN_DOCUMENTATION_COMMENTS = YES;
				CLANG_WARN_EMPTY_BODY = YES;
				CLANG_WARN_ENUM_CONVERSION = YES;
				CLANG_WARN_INFINITE_RECURSION = YES;
				CLANG_WARN_INT_CONVERSION = YES;
				CLANG_WARN_NON_LITERAL_NULL_CONVERSION = YES;
				CLANG_WARN_OBJC_IMPLICIT_RETAIN_SELF = YES;
				CLANG_WARN_OBJC_LITERAL_CONVERSION = YES;
				CLANG_WARN_OBJC_ROOT_CLASS = YES_ERROR;
				CLANG_WARN_QUOTED_INCLUDE_IN_FRAMEWORK_HEADER = YES;
				CLANG_WARN_RANGE_LOOP_ANALYSIS = YES;
				CLANG_WARN_STRICT_PROTOTYPES = YES;
				CLANG_WARN_SUSPICIOUS_MOVE = YES;
				CLANG_WARN_UNGUARDED_AVAILABILITY = YES_AGGRESSIVE;
				CLANG_WARN_UNREACHABLE_CODE = YES;
				CLANG_WARN__DUPLICATE_METHOD_MATCH = YES;
				COPY_PHASE_STRIP = NO;
				DEBUG_INFORMATION_FORMAT = "dwarf-with-dsym";
				ENABLE_NS_ASSERTIONS = NO;
				ENABLE_STRICT_OBJC_MSGSEND = YES;
				ENABLE_USER_SCRIPT_SANDBOXING = NO;
				GCC_C_LANGUAGE_STANDARD = gnu17;
				GCC_NO_COMMON_BLOCKS = YES;
				GCC_WARN_64_TO_32_BIT_CONVERSION = YES;
				GCC_WARN_ABOUT_RETURN_TYPE = YES_ERROR;
				GCC_WARN_UNDECLARED_SELECTOR = YES;
				GCC_WARN_UNINITIALIZED_AUTOS = YES_AGGRESSIVE;
				GCC_WARN_UNUSED_FUNCTION = YES;
				GCC_WARN_UNUSED_VARIABLE = YES;
				IPHONEOS_DEPLOYMENT_TARGET = 15.0;
				LOCALIZATION_PREFERS_STRING_CATALOGS = YES;
				MTL_ENABLE_DEBUG_INFO = NO;
				MTL_FAST_MATH = YES;
				SDKROOT = iphoneos;
				SWIFT_COMPILATION_MODE = wholemodule;
				VALIDATE_PRODUCT = YES;
			};
			name = Release;
		};
		D3F6EA7E2C0B377E002883C5 /* Debug */ = {
			isa = XCBuildConfiguration;
			baseConfigurationReference = 0C1282BA9296770813830036 /* Pods-AviaTickets.debug.xcconfig */;
			buildSettings = {
				ASSETCATALOG_COMPILER_APPICON_NAME = AppIcon;
				ASSETCATALOG_COMPILER_GLOBAL_ACCENT_COLOR_NAME = AccentColor;
				CODE_SIGN_STYLE = Automatic;
				CURRENT_PROJECT_VERSION = 1;
				DEVELOPMENT_TEAM = V9P9K4WJ2E;
				GENERATE_INFOPLIST_FILE = YES;
				INFOPLIST_FILE = AviaTickets/Info.plist;
				INFOPLIST_KEY_UIApplicationSupportsIndirectInputEvents = YES;
				INFOPLIST_KEY_UILaunchStoryboardName = LaunchScreen;
				INFOPLIST_KEY_UIMainStoryboardFile = "";
				INFOPLIST_KEY_UISupportedInterfaceOrientations = UIInterfaceOrientationPortrait;
				INFOPLIST_KEY_UISupportedInterfaceOrientations_iPad = "UIInterfaceOrientationLandscapeLeft UIInterfaceOrientationLandscapeRight UIInterfaceOrientationPortrait UIInterfaceOrientationPortraitUpsideDown";
				IPHONEOS_DEPLOYMENT_TARGET = 15.0;
				LD_RUNPATH_SEARCH_PATHS = (
					"$(inherited)",
					"@executable_path/Frameworks",
				);
				MARKETING_VERSION = 1.0;
				PRODUCT_BUNDLE_IDENTIFIER = com.vladislavmiroshnichenko.AviaTickets;
				PRODUCT_NAME = "$(TARGET_NAME)";
				SUPPORTED_PLATFORMS = "iphoneos iphonesimulator";
				SUPPORTS_MACCATALYST = NO;
				SUPPORTS_MAC_DESIGNED_FOR_IPHONE_IPAD = NO;
				SUPPORTS_XR_DESIGNED_FOR_IPHONE_IPAD = NO;
				SWIFT_EMIT_LOC_STRINGS = YES;
				SWIFT_VERSION = 5.0;
				TARGETED_DEVICE_FAMILY = 1;
			};
			name = Debug;
		};
		D3F6EA7F2C0B377E002883C5 /* Release */ = {
			isa = XCBuildConfiguration;
			baseConfigurationReference = 9B779EEBDF74346FA9FCFA67 /* Pods-AviaTickets.release.xcconfig */;
			buildSettings = {
				ASSETCATALOG_COMPILER_APPICON_NAME = AppIcon;
				ASSETCATALOG_COMPILER_GLOBAL_ACCENT_COLOR_NAME = AccentColor;
				CODE_SIGN_STYLE = Automatic;
				CURRENT_PROJECT_VERSION = 1;
				DEVELOPMENT_TEAM = V9P9K4WJ2E;
				GENERATE_INFOPLIST_FILE = YES;
				INFOPLIST_FILE = AviaTickets/Info.plist;
				INFOPLIST_KEY_UIApplicationSupportsIndirectInputEvents = YES;
				INFOPLIST_KEY_UILaunchStoryboardName = LaunchScreen;
				INFOPLIST_KEY_UIMainStoryboardFile = "";
				INFOPLIST_KEY_UISupportedInterfaceOrientations = UIInterfaceOrientationPortrait;
				INFOPLIST_KEY_UISupportedInterfaceOrientations_iPad = "UIInterfaceOrientationLandscapeLeft UIInterfaceOrientationLandscapeRight UIInterfaceOrientationPortrait UIInterfaceOrientationPortraitUpsideDown";
				IPHONEOS_DEPLOYMENT_TARGET = 15.0;
				LD_RUNPATH_SEARCH_PATHS = (
					"$(inherited)",
					"@executable_path/Frameworks",
				);
				MARKETING_VERSION = 1.0;
				PRODUCT_BUNDLE_IDENTIFIER = com.vladislavmiroshnichenko.AviaTickets;
				PRODUCT_NAME = "$(TARGET_NAME)";
				SUPPORTED_PLATFORMS = "iphoneos iphonesimulator";
				SUPPORTS_MACCATALYST = NO;
				SUPPORTS_MAC_DESIGNED_FOR_IPHONE_IPAD = NO;
				SUPPORTS_XR_DESIGNED_FOR_IPHONE_IPAD = NO;
				SWIFT_EMIT_LOC_STRINGS = YES;
				SWIFT_VERSION = 5.0;
				TARGETED_DEVICE_FAMILY = 1;
			};
			name = Release;
		};
/* End XCBuildConfiguration section */

/* Begin XCConfigurationList section */
		D3F6EA642C0B377D002883C5 /* Build configuration list for PBXProject "AviaTickets" */ = {
			isa = XCConfigurationList;
			buildConfigurations = (
				D3F6EA7B2C0B377E002883C5 /* Debug */,
				D3F6EA7C2C0B377E002883C5 /* Release */,
			);
			defaultConfigurationIsVisible = 0;
			defaultConfigurationName = Release;
		};
		D3F6EA7D2C0B377E002883C5 /* Build configuration list for PBXNativeTarget "AviaTickets" */ = {
			isa = XCConfigurationList;
			buildConfigurations = (
				D3F6EA7E2C0B377E002883C5 /* Debug */,
				D3F6EA7F2C0B377E002883C5 /* Release */,
			);
			defaultConfigurationIsVisible = 0;
			defaultConfigurationName = Release;
		};
/* End XCConfigurationList section */
	};
	rootObject = D3F6EA612C0B377D002883C5 /* Project object */;
}
